// !$*UTF8*$!
{
	archiveVersion = 1;
	classes = {
	};
	objectVersion = 55;
	objects = {

/* Begin PBXBuildFile section */
		C85DCAD52923D07F0070E228 /* Assets.xcassets in Resources */ = {isa = PBXBuildFile; fileRef = C85DCA422923D07E0070E228 /* Assets.xcassets */; };
		C85DCAD62923D07F0070E228 /* Preview Assets.xcassets in Resources */ = {isa = PBXBuildFile; fileRef = C85DCA442923D07E0070E228 /* Preview Assets.xcassets */; };
		C85DCAD72923D07F0070E228 /* fantastic-seascape-with-ripples_1232-424.jpg.webp in Resources */ = {isa = PBXBuildFile; fileRef = C85DCA452923D07E0070E228 /* fantastic-seascape-with-ripples_1232-424.jpg.webp */; };
		C85DCAD82923D07F0070E228 /* ContentView.swift in Sources */ = {isa = PBXBuildFile; fileRef = C85DCA462923D07E0070E228 /* ContentView.swift */; };
		C85DCAD92923D07F0070E228 /* CalculatApp.swift in Sources */ = {isa = PBXBuildFile; fileRef = C85DCA472923D07E0070E228 /* CalculatApp.swift */; };
		C85DF109291A6BEC009B9F5F /* CalculatApp.swift in Sources */ = {isa = PBXBuildFile; fileRef = C85DF108291A6BEC009B9F5F /* CalculatApp.swift */; };
		C85DF10B291A6BEC009B9F5F /* ContentView.swift in Sources */ = {isa = PBXBuildFile; fileRef = C85DF10A291A6BEC009B9F5F /* ContentView.swift */; };
		C85DF10D291A6BED009B9F5F /* Assets.xcassets in Resources */ = {isa = PBXBuildFile; fileRef = C85DF10C291A6BED009B9F5F /* Assets.xcassets */; };
		C85DF110291A6BEE009B9F5F /* Preview Assets.xcassets in Resources */ = {isa = PBXBuildFile; fileRef = C85DF10F291A6BEE009B9F5F /* Preview Assets.xcassets */; };
/* End PBXBuildFile section */

/* Begin PBXContainerItemProxy section */
		C85DCA492923D07E0070E228 /* PBXContainerItemProxy */ = {
			isa = PBXContainerItemProxy;
			containerPortal = C85DC9632923D07D0070E228 /* Calculat.xcodeproj */;
			proxyType = 2;
			remoteGlobalIDString = C85DF105291A6BEC009B9F5F;
			remoteInfo = Calculat;
		};
		C85DCA4C2923D07E0070E228 /* PBXContainerItemProxy */ = {
			isa = PBXContainerItemProxy;
			containerPortal = C85DC9F42923D07E0070E228 /* Calculat.xcodeproj */;
			proxyType = 2;
			remoteGlobalIDString = C85DF105291A6BEC009B9F5F;
			remoteInfo = Calculat;
		};
		C85DCA4F2923D07E0070E228 /* PBXContainerItemProxy */ = {
			isa = PBXContainerItemProxy;
			containerPortal = C85DCA3F2923D07E0070E228 /* Calculat.xcodeproj */;
			proxyType = 2;
			remoteGlobalIDString = C85DF105291A6BEC009B9F5F;
			remoteInfo = Calculat;
		};
		C85DCA522923D07E0070E228 /* PBXContainerItemProxy */ = {
			isa = PBXContainerItemProxy;
			containerPortal = C85DC9DB2923D07E0070E228 /* Calculat.xcodeproj */;
			proxyType = 2;
			remoteGlobalIDString = C85DF105291A6BEC009B9F5F;
			remoteInfo = Calculat;
		};
		C85DCA552923D07E0070E228 /* PBXContainerItemProxy */ = {
			isa = PBXContainerItemProxy;
			containerPortal = C85DC9A42923D07D0070E228 /* Calculat.xcodeproj */;
			proxyType = 2;
			remoteGlobalIDString = C85DF105291A6BEC009B9F5F;
			remoteInfo = Calculat;
		};
		C85DCA582923D07E0070E228 /* PBXContainerItemProxy */ = {
			isa = PBXContainerItemProxy;
			containerPortal = C85DCA082923D07E0070E228 /* Calculat.xcodeproj */;
			proxyType = 2;
			remoteGlobalIDString = C85DF105291A6BEC009B9F5F;
			remoteInfo = Calculat;
		};
		C85DCA5B2923D07E0070E228 /* PBXContainerItemProxy */ = {
			isa = PBXContainerItemProxy;
			containerPortal = C85DCA0D2923D07E0070E228 /* Calculat.xcodeproj */;
			proxyType = 2;
			remoteGlobalIDString = C85DF105291A6BEC009B9F5F;
			remoteInfo = Calculat;
		};
		C85DCA5E2923D07E0070E228 /* PBXContainerItemProxy */ = {
			isa = PBXContainerItemProxy;
			containerPortal = C85DC9C22923D07D0070E228 /* Calculat.xcodeproj */;
			proxyType = 2;
			remoteGlobalIDString = C85DF105291A6BEC009B9F5F;
			remoteInfo = Calculat;
		};
		C85DCA612923D07E0070E228 /* PBXContainerItemProxy */ = {
			isa = PBXContainerItemProxy;
			containerPortal = C85DC9CC2923D07D0070E228 /* Calculat.xcodeproj */;
			proxyType = 2;
			remoteGlobalIDString = C85DF105291A6BEC009B9F5F;
			remoteInfo = Calculat;
		};
		C85DCA642923D07E0070E228 /* PBXContainerItemProxy */ = {
			isa = PBXContainerItemProxy;
			containerPortal = C85DC99A2923D07D0070E228 /* Calculat.xcodeproj */;
			proxyType = 2;
			remoteGlobalIDString = C85DF105291A6BEC009B9F5F;
			remoteInfo = Calculat;
		};
		C85DCA672923D07E0070E228 /* PBXContainerItemProxy */ = {
			isa = PBXContainerItemProxy;
			containerPortal = C85DC9F92923D07E0070E228 /* Calculat.xcodeproj */;
			proxyType = 2;
			remoteGlobalIDString = C85DF105291A6BEC009B9F5F;
			remoteInfo = Calculat;
		};
		C85DCA6A2923D07E0070E228 /* PBXContainerItemProxy */ = {
			isa = PBXContainerItemProxy;
			containerPortal = C85DC9FE2923D07E0070E228 /* Calculat.xcodeproj */;
			proxyType = 2;
			remoteGlobalIDString = C85DF105291A6BEC009B9F5F;
			remoteInfo = Calculat;
		};
		C85DCA6D2923D07E0070E228 /* PBXContainerItemProxy */ = {
			isa = PBXContainerItemProxy;
			containerPortal = C85DC9E52923D07E0070E228 /* Calculat.xcodeproj */;
			proxyType = 2;
			remoteGlobalIDString = C85DF105291A6BEC009B9F5F;
			remoteInfo = Calculat;
		};
		C85DCA702923D07E0070E228 /* PBXContainerItemProxy */ = {
			isa = PBXContainerItemProxy;
			containerPortal = C85DC9952923D07D0070E228 /* Calculat.xcodeproj */;
			proxyType = 2;
			remoteGlobalIDString = C85DF105291A6BEC009B9F5F;
			remoteInfo = Calculat;
		};
		C85DCA732923D07E0070E228 /* PBXContainerItemProxy */ = {
			isa = PBXContainerItemProxy;
			containerPortal = C85DC9902923D07D0070E228 /* Calculat.xcodeproj */;
			proxyType = 2;
			remoteGlobalIDString = C85DF105291A6BEC009B9F5F;
			remoteInfo = Calculat;
		};
		C85DCA762923D07E0070E228 /* PBXContainerItemProxy */ = {
			isa = PBXContainerItemProxy;
			containerPortal = C85DC96D2923D07D0070E228 /* Calculat.xcodeproj */;
			proxyType = 2;
			remoteGlobalIDString = C85DF105291A6BEC009B9F5F;
			remoteInfo = Calculat;
		};
		C85DCA792923D07E0070E228 /* PBXContainerItemProxy */ = {
			isa = PBXContainerItemProxy;
			containerPortal = C85DC9BD2923D07D0070E228 /* Calculat.xcodeproj */;
			proxyType = 2;
			remoteGlobalIDString = C85DF105291A6BEC009B9F5F;
			remoteInfo = Calculat;
		};
		C85DCA7C2923D07E0070E228 /* PBXContainerItemProxy */ = {
			isa = PBXContainerItemProxy;
			containerPortal = C85DCA2B2923D07E0070E228 /* Calculat.xcodeproj */;
			proxyType = 2;
			remoteGlobalIDString = C85DF105291A6BEC009B9F5F;
			remoteInfo = Calculat;
		};
		C85DCA7F2923D07E0070E228 /* PBXContainerItemProxy */ = {
			isa = PBXContainerItemProxy;
			containerPortal = C85DCA302923D07E0070E228 /* Calculat.xcodeproj */;
			proxyType = 2;
			remoteGlobalIDString = C85DF105291A6BEC009B9F5F;
			remoteInfo = Calculat;
		};
		C85DCA822923D07E0070E228 /* PBXContainerItemProxy */ = {
			isa = PBXContainerItemProxy;
			containerPortal = C85DCA032923D07E0070E228 /* Calculat.xcodeproj */;
			proxyType = 2;
			remoteGlobalIDString = C85DF105291A6BEC009B9F5F;
			remoteInfo = Calculat;
		};
		C85DCA852923D07E0070E228 /* PBXContainerItemProxy */ = {
			isa = PBXContainerItemProxy;
			containerPortal = C85DC9682923D07D0070E228 /* Calculat.xcodeproj */;
			proxyType = 2;
			remoteGlobalIDString = C85DF105291A6BEC009B9F5F;
			remoteInfo = Calculat;
		};
		C85DCA882923D07E0070E228 /* PBXContainerItemProxy */ = {
			isa = PBXContainerItemProxy;
			containerPortal = C85DC9862923D07D0070E228 /* Calculat.xcodeproj */;
			proxyType = 2;
			remoteGlobalIDString = C85DF105291A6BEC009B9F5F;
			remoteInfo = Calculat;
		};
		C85DCA8B2923D07E0070E228 /* PBXContainerItemProxy */ = {
			isa = PBXContainerItemProxy;
			containerPortal = C85DCA172923D07E0070E228 /* Calculat.xcodeproj */;
			proxyType = 2;
			remoteGlobalIDString = C85DF105291A6BEC009B9F5F;
			remoteInfo = Calculat;
		};
		C85DCA8E2923D07E0070E228 /* PBXContainerItemProxy */ = {
			isa = PBXContainerItemProxy;
			containerPortal = C85DCA212923D07E0070E228 /* Calculat.xcodeproj */;
			proxyType = 2;
			remoteGlobalIDString = C85DF105291A6BEC009B9F5F;
			remoteInfo = Calculat;
		};
		C85DCA912923D07E0070E228 /* PBXContainerItemProxy */ = {
			isa = PBXContainerItemProxy;
			containerPortal = C85DC9B82923D07D0070E228 /* Calculat.xcodeproj */;
			proxyType = 2;
			remoteGlobalIDString = C85DF105291A6BEC009B9F5F;
			remoteInfo = Calculat;
		};
		C85DCA942923D07E0070E228 /* PBXContainerItemProxy */ = {
			isa = PBXContainerItemProxy;
			containerPortal = C85DC9D12923D07D0070E228 /* Calculat.xcodeproj */;
			proxyType = 2;
			remoteGlobalIDString = C85DF105291A6BEC009B9F5F;
			remoteInfo = Calculat;
		};
		C85DCA972923D07E0070E228 /* PBXContainerItemProxy */ = {
			isa = PBXContainerItemProxy;
			containerPortal = C85DC9E02923D07E0070E228 /* Calculat.xcodeproj */;
			proxyType = 2;
			remoteGlobalIDString = C85DF105291A6BEC009B9F5F;
			remoteInfo = Calculat;
		};
		C85DCA9A2923D07E0070E228 /* PBXContainerItemProxy */ = {
			isa = PBXContainerItemProxy;
			containerPortal = C85DC9EF2923D07E0070E228 /* Calculat.xcodeproj */;
			proxyType = 2;
			remoteGlobalIDString = C85DF105291A6BEC009B9F5F;
			remoteInfo = Calculat;
		};
		C85DCA9D2923D07E0070E228 /* PBXContainerItemProxy */ = {
			isa = PBXContainerItemProxy;
			containerPortal = C85DC9722923D07D0070E228 /* Calculat.xcodeproj */;
			proxyType = 2;
			remoteGlobalIDString = C85DF105291A6BEC009B9F5F;
			remoteInfo = Calculat;
		};
		C85DCAA02923D07F0070E228 /* PBXContainerItemProxy */ = {
			isa = PBXContainerItemProxy;
			containerPortal = C85DC95E2923D07D0070E228 /* Calculat.xcodeproj */;
			proxyType = 2;
			remoteGlobalIDString = C85DF105291A6BEC009B9F5F;
			remoteInfo = Calculat;
		};
		C85DCAA32923D07F0070E228 /* PBXContainerItemProxy */ = {
			isa = PBXContainerItemProxy;
			containerPortal = C85DC99F2923D07D0070E228 /* Calculat.xcodeproj */;
			proxyType = 2;
			remoteGlobalIDString = C85DF105291A6BEC009B9F5F;
			remoteInfo = Calculat;
		};
		C85DCAA62923D07F0070E228 /* PBXContainerItemProxy */ = {
			isa = PBXContainerItemProxy;
			containerPortal = C85DC9AE2923D07D0070E228 /* Calculat.xcodeproj */;
			proxyType = 2;
			remoteGlobalIDString = C85DF105291A6BEC009B9F5F;
			remoteInfo = Calculat;
		};
		C85DCAA92923D07F0070E228 /* PBXContainerItemProxy */ = {
			isa = PBXContainerItemProxy;
			containerPortal = C85DC98B2923D07D0070E228 /* Calculat.xcodeproj */;
			proxyType = 2;
			remoteGlobalIDString = C85DF105291A6BEC009B9F5F;
			remoteInfo = Calculat;
		};
		C85DCAAC2923D07F0070E228 /* PBXContainerItemProxy */ = {
			isa = PBXContainerItemProxy;
			containerPortal = C85DCA262923D07E0070E228 /* Calculat.xcodeproj */;
			proxyType = 2;
			remoteGlobalIDString = C85DF105291A6BEC009B9F5F;
			remoteInfo = Calculat;
		};
		C85DCAAF2923D07F0070E228 /* PBXContainerItemProxy */ = {
			isa = PBXContainerItemProxy;
			containerPortal = C85DC9592923D07D0070E228 /* Calculat.xcodeproj */;
			proxyType = 2;
			remoteGlobalIDString = C85DF105291A6BEC009B9F5F;
			remoteInfo = Calculat;
		};
		C85DCAB22923D07F0070E228 /* PBXContainerItemProxy */ = {
			isa = PBXContainerItemProxy;
			containerPortal = C85DC9C72923D07D0070E228 /* Calculat.xcodeproj */;
			proxyType = 2;
			remoteGlobalIDString = C85DF105291A6BEC009B9F5F;
			remoteInfo = Calculat;
		};
		C85DCAB52923D07F0070E228 /* PBXContainerItemProxy */ = {
			isa = PBXContainerItemProxy;
			containerPortal = C85DC9812923D07D0070E228 /* Calculat.xcodeproj */;
			proxyType = 2;
			remoteGlobalIDString = C85DF105291A6BEC009B9F5F;
			remoteInfo = Calculat;
		};
		C85DCAB82923D07F0070E228 /* PBXContainerItemProxy */ = {
			isa = PBXContainerItemProxy;
			containerPortal = C85DC97C2923D07D0070E228 /* Calculat.xcodeproj */;
			proxyType = 2;
			remoteGlobalIDString = C85DF105291A6BEC009B9F5F;
			remoteInfo = Calculat;
		};
		C85DCABB2923D07F0070E228 /* PBXContainerItemProxy */ = {
			isa = PBXContainerItemProxy;
			containerPortal = C85DCA3A2923D07E0070E228 /* Calculat.xcodeproj */;
			proxyType = 2;
			remoteGlobalIDString = C85DF105291A6BEC009B9F5F;
			remoteInfo = Calculat;
		};
		C85DCABE2923D07F0070E228 /* PBXContainerItemProxy */ = {
			isa = PBXContainerItemProxy;
			containerPortal = C85DCA352923D07E0070E228 /* Calculat.xcodeproj */;
			proxyType = 2;
			remoteGlobalIDString = C85DF105291A6BEC009B9F5F;
			remoteInfo = Calculat;
		};
		C85DCAC12923D07F0070E228 /* PBXContainerItemProxy */ = {
			isa = PBXContainerItemProxy;
			containerPortal = C85DC9D62923D07E0070E228 /* Calculat.xcodeproj */;
			proxyType = 2;
			remoteGlobalIDString = C85DF105291A6BEC009B9F5F;
			remoteInfo = Calculat;
		};
		C85DCAC42923D07F0070E228 /* PBXContainerItemProxy */ = {
			isa = PBXContainerItemProxy;
			containerPortal = C85DCA1C2923D07E0070E228 /* Calculat.xcodeproj */;
			proxyType = 2;
			remoteGlobalIDString = C85DF105291A6BEC009B9F5F;
			remoteInfo = Calculat;
		};
		C85DCAC72923D07F0070E228 /* PBXContainerItemProxy */ = {
			isa = PBXContainerItemProxy;
			containerPortal = C85DC9EA2923D07E0070E228 /* Calculat.xcodeproj */;
			proxyType = 2;
			remoteGlobalIDString = C85DF105291A6BEC009B9F5F;
			remoteInfo = Calculat;
		};
		C85DCACA2923D07F0070E228 /* PBXContainerItemProxy */ = {
			isa = PBXContainerItemProxy;
			containerPortal = C85DC9772923D07D0070E228 /* Calculat.xcodeproj */;
			proxyType = 2;
			remoteGlobalIDString = C85DF105291A6BEC009B9F5F;
			remoteInfo = Calculat;
		};
		C85DCACD2923D07F0070E228 /* PBXContainerItemProxy */ = {
			isa = PBXContainerItemProxy;
			containerPortal = C85DC9B32923D07D0070E228 /* Calculat.xcodeproj */;
			proxyType = 2;
			remoteGlobalIDString = C85DF105291A6BEC009B9F5F;
			remoteInfo = Calculat;
		};
		C85DCAD02923D07F0070E228 /* PBXContainerItemProxy */ = {
			isa = PBXContainerItemProxy;
			containerPortal = C85DCA122923D07E0070E228 /* Calculat.xcodeproj */;
			proxyType = 2;
			remoteGlobalIDString = C85DF105291A6BEC009B9F5F;
			remoteInfo = Calculat;
		};
		C85DCAD32923D07F0070E228 /* PBXContainerItemProxy */ = {
			isa = PBXContainerItemProxy;
			containerPortal = C85DC9A92923D07D0070E228 /* Calculat.xcodeproj */;
			proxyType = 2;
			remoteGlobalIDString = C85DF105291A6BEC009B9F5F;
			remoteInfo = Calculat;
		};
/* End PBXContainerItemProxy section */

/* Begin PBXFileReference section */
		C85DC9542923D07D0070E228 /* Calculat.xcodeproj */ = {isa = PBXFileReference; lastKnownFileType = "wrapper.pb-project"; path = Calculat.xcodeproj; sourceTree = "<group>"; };
		C85DC9592923D07D0070E228 /* Calculat.xcodeproj */ = {isa = PBXFileReference; lastKnownFileType = "wrapper.pb-project"; path = Calculat.xcodeproj; sourceTree = "<group>"; };
		C85DC95E2923D07D0070E228 /* Calculat.xcodeproj */ = {isa = PBXFileReference; lastKnownFileType = "wrapper.pb-project"; path = Calculat.xcodeproj; sourceTree = "<group>"; };
		C85DC9632923D07D0070E228 /* Calculat.xcodeproj */ = {isa = PBXFileReference; lastKnownFileType = "wrapper.pb-project"; path = Calculat.xcodeproj; sourceTree = "<group>"; };
		C85DC9682923D07D0070E228 /* Calculat.xcodeproj */ = {isa = PBXFileReference; lastKnownFileType = "wrapper.pb-project"; path = Calculat.xcodeproj; sourceTree = "<group>"; };
		C85DC96D2923D07D0070E228 /* Calculat.xcodeproj */ = {isa = PBXFileReference; lastKnownFileType = "wrapper.pb-project"; path = Calculat.xcodeproj; sourceTree = "<group>"; };
		C85DC9722923D07D0070E228 /* Calculat.xcodeproj */ = {isa = PBXFileReference; lastKnownFileType = "wrapper.pb-project"; path = Calculat.xcodeproj; sourceTree = "<group>"; };
		C85DC9772923D07D0070E228 /* Calculat.xcodeproj */ = {isa = PBXFileReference; lastKnownFileType = "wrapper.pb-project"; path = Calculat.xcodeproj; sourceTree = "<group>"; };
		C85DC97C2923D07D0070E228 /* Calculat.xcodeproj */ = {isa = PBXFileReference; lastKnownFileType = "wrapper.pb-project"; path = Calculat.xcodeproj; sourceTree = "<group>"; };
		C85DC9812923D07D0070E228 /* Calculat.xcodeproj */ = {isa = PBXFileReference; lastKnownFileType = "wrapper.pb-project"; path = Calculat.xcodeproj; sourceTree = "<group>"; };
		C85DC9862923D07D0070E228 /* Calculat.xcodeproj */ = {isa = PBXFileReference; lastKnownFileType = "wrapper.pb-project"; path = Calculat.xcodeproj; sourceTree = "<group>"; };
		C85DC98B2923D07D0070E228 /* Calculat.xcodeproj */ = {isa = PBXFileReference; lastKnownFileType = "wrapper.pb-project"; path = Calculat.xcodeproj; sourceTree = "<group>"; };
		C85DC9902923D07D0070E228 /* Calculat.xcodeproj */ = {isa = PBXFileReference; lastKnownFileType = "wrapper.pb-project"; path = Calculat.xcodeproj; sourceTree = "<group>"; };
		C85DC9952923D07D0070E228 /* Calculat.xcodeproj */ = {isa = PBXFileReference; lastKnownFileType = "wrapper.pb-project"; path = Calculat.xcodeproj; sourceTree = "<group>"; };
		C85DC99A2923D07D0070E228 /* Calculat.xcodeproj */ = {isa = PBXFileReference; lastKnownFileType = "wrapper.pb-project"; path = Calculat.xcodeproj; sourceTree = "<group>"; };
		C85DC99F2923D07D0070E228 /* Calculat.xcodeproj */ = {isa = PBXFileReference; lastKnownFileType = "wrapper.pb-project"; path = Calculat.xcodeproj; sourceTree = "<group>"; };
		C85DC9A42923D07D0070E228 /* Calculat.xcodeproj */ = {isa = PBXFileReference; lastKnownFileType = "wrapper.pb-project"; path = Calculat.xcodeproj; sourceTree = "<group>"; };
		C85DC9A92923D07D0070E228 /* Calculat.xcodeproj */ = {isa = PBXFileReference; lastKnownFileType = "wrapper.pb-project"; path = Calculat.xcodeproj; sourceTree = "<group>"; };
		C85DC9AE2923D07D0070E228 /* Calculat.xcodeproj */ = {isa = PBXFileReference; lastKnownFileType = "wrapper.pb-project"; path = Calculat.xcodeproj; sourceTree = "<group>"; };
		C85DC9B32923D07D0070E228 /* Calculat.xcodeproj */ = {isa = PBXFileReference; lastKnownFileType = "wrapper.pb-project"; path = Calculat.xcodeproj; sourceTree = "<group>"; };
		C85DC9B82923D07D0070E228 /* Calculat.xcodeproj */ = {isa = PBXFileReference; lastKnownFileType = "wrapper.pb-project"; path = Calculat.xcodeproj; sourceTree = "<group>"; };
		C85DC9BD2923D07D0070E228 /* Calculat.xcodeproj */ = {isa = PBXFileReference; lastKnownFileType = "wrapper.pb-project"; path = Calculat.xcodeproj; sourceTree = "<group>"; };
		C85DC9C22923D07D0070E228 /* Calculat.xcodeproj */ = {isa = PBXFileReference; lastKnownFileType = "wrapper.pb-project"; path = Calculat.xcodeproj; sourceTree = "<group>"; };
		C85DC9C72923D07D0070E228 /* Calculat.xcodeproj */ = {isa = PBXFileReference; lastKnownFileType = "wrapper.pb-project"; path = Calculat.xcodeproj; sourceTree = "<group>"; };
		C85DC9CC2923D07D0070E228 /* Calculat.xcodeproj */ = {isa = PBXFileReference; lastKnownFileType = "wrapper.pb-project"; path = Calculat.xcodeproj; sourceTree = "<group>"; };
		C85DC9D12923D07D0070E228 /* Calculat.xcodeproj */ = {isa = PBXFileReference; lastKnownFileType = "wrapper.pb-project"; path = Calculat.xcodeproj; sourceTree = "<group>"; };
		C85DC9D62923D07E0070E228 /* Calculat.xcodeproj */ = {isa = PBXFileReference; lastKnownFileType = "wrapper.pb-project"; path = Calculat.xcodeproj; sourceTree = "<group>"; };
		C85DC9DB2923D07E0070E228 /* Calculat.xcodeproj */ = {isa = PBXFileReference; lastKnownFileType = "wrapper.pb-project"; path = Calculat.xcodeproj; sourceTree = "<group>"; };
		C85DC9E02923D07E0070E228 /* Calculat.xcodeproj */ = {isa = PBXFileReference; lastKnownFileType = "wrapper.pb-project"; path = Calculat.xcodeproj; sourceTree = "<group>"; };
		C85DC9E52923D07E0070E228 /* Calculat.xcodeproj */ = {isa = PBXFileReference; lastKnownFileType = "wrapper.pb-project"; path = Calculat.xcodeproj; sourceTree = "<group>"; };
		C85DC9EA2923D07E0070E228 /* Calculat.xcodeproj */ = {isa = PBXFileReference; lastKnownFileType = "wrapper.pb-project"; path = Calculat.xcodeproj; sourceTree = "<group>"; };
		C85DC9EF2923D07E0070E228 /* Calculat.xcodeproj */ = {isa = PBXFileReference; lastKnownFileType = "wrapper.pb-project"; path = Calculat.xcodeproj; sourceTree = "<group>"; };
		C85DC9F42923D07E0070E228 /* Calculat.xcodeproj */ = {isa = PBXFileReference; lastKnownFileType = "wrapper.pb-project"; path = Calculat.xcodeproj; sourceTree = "<group>"; };
		C85DC9F92923D07E0070E228 /* Calculat.xcodeproj */ = {isa = PBXFileReference; lastKnownFileType = "wrapper.pb-project"; path = Calculat.xcodeproj; sourceTree = "<group>"; };
		C85DC9FE2923D07E0070E228 /* Calculat.xcodeproj */ = {isa = PBXFileReference; lastKnownFileType = "wrapper.pb-project"; path = Calculat.xcodeproj; sourceTree = "<group>"; };
		C85DCA032923D07E0070E228 /* Calculat.xcodeproj */ = {isa = PBXFileReference; lastKnownFileType = "wrapper.pb-project"; path = Calculat.xcodeproj; sourceTree = "<group>"; };
		C85DCA082923D07E0070E228 /* Calculat.xcodeproj */ = {isa = PBXFileReference; lastKnownFileType = "wrapper.pb-project"; path = Calculat.xcodeproj; sourceTree = "<group>"; };
		C85DCA0D2923D07E0070E228 /* Calculat.xcodeproj */ = {isa = PBXFileReference; lastKnownFileType = "wrapper.pb-project"; path = Calculat.xcodeproj; sourceTree = "<group>"; };
		C85DCA122923D07E0070E228 /* Calculat.xcodeproj */ = {isa = PBXFileReference; lastKnownFileType = "wrapper.pb-project"; path = Calculat.xcodeproj; sourceTree = "<group>"; };
		C85DCA172923D07E0070E228 /* Calculat.xcodeproj */ = {isa = PBXFileReference; lastKnownFileType = "wrapper.pb-project"; path = Calculat.xcodeproj; sourceTree = "<group>"; };
		C85DCA1C2923D07E0070E228 /* Calculat.xcodeproj */ = {isa = PBXFileReference; lastKnownFileType = "wrapper.pb-project"; path = Calculat.xcodeproj; sourceTree = "<group>"; };
		C85DCA212923D07E0070E228 /* Calculat.xcodeproj */ = {isa = PBXFileReference; lastKnownFileType = "wrapper.pb-project"; path = Calculat.xcodeproj; sourceTree = "<group>"; };
		C85DCA262923D07E0070E228 /* Calculat.xcodeproj */ = {isa = PBXFileReference; lastKnownFileType = "wrapper.pb-project"; path = Calculat.xcodeproj; sourceTree = "<group>"; };
		C85DCA2B2923D07E0070E228 /* Calculat.xcodeproj */ = {isa = PBXFileReference; lastKnownFileType = "wrapper.pb-project"; path = Calculat.xcodeproj; sourceTree = "<group>"; };
		C85DCA302923D07E0070E228 /* Calculat.xcodeproj */ = {isa = PBXFileReference; lastKnownFileType = "wrapper.pb-project"; path = Calculat.xcodeproj; sourceTree = "<group>"; };
		C85DCA352923D07E0070E228 /* Calculat.xcodeproj */ = {isa = PBXFileReference; lastKnownFileType = "wrapper.pb-project"; path = Calculat.xcodeproj; sourceTree = "<group>"; };
		C85DCA3A2923D07E0070E228 /* Calculat.xcodeproj */ = {isa = PBXFileReference; lastKnownFileType = "wrapper.pb-project"; path = Calculat.xcodeproj; sourceTree = "<group>"; };
		C85DCA3F2923D07E0070E228 /* Calculat.xcodeproj */ = {isa = PBXFileReference; lastKnownFileType = "wrapper.pb-project"; path = Calculat.xcodeproj; sourceTree = "<group>"; };
		C85DCA422923D07E0070E228 /* Assets.xcassets */ = {isa = PBXFileReference; lastKnownFileType = folder.assetcatalog; path = Assets.xcassets; sourceTree = "<group>"; };
		C85DCA442923D07E0070E228 /* Preview Assets.xcassets */ = {isa = PBXFileReference; lastKnownFileType = folder.assetcatalog; path = "Preview Assets.xcassets"; sourceTree = "<group>"; };
		C85DCA452923D07E0070E228 /* fantastic-seascape-with-ripples_1232-424.jpg.webp */ = {isa = PBXFileReference; lastKnownFileType = file; path = "fantastic-seascape-with-ripples_1232-424.jpg.webp"; sourceTree = "<group>"; };
		C85DCA462923D07E0070E228 /* ContentView.swift */ = {isa = PBXFileReference; fileEncoding = 4; lastKnownFileType = sourcecode.swift; path = ContentView.swift; sourceTree = "<group>"; };
		C85DCA472923D07E0070E228 /* CalculatApp.swift */ = {isa = PBXFileReference; fileEncoding = 4; lastKnownFileType = sourcecode.swift; path = CalculatApp.swift; sourceTree = "<group>"; };
		C85DF105291A6BEC009B9F5F /* Calculat.app */ = {isa = PBXFileReference; explicitFileType = wrapper.application; includeInIndex = 0; path = Calculat.app; sourceTree = BUILT_PRODUCTS_DIR; };
		C85DF108291A6BEC009B9F5F /* CalculatApp.swift */ = {isa = PBXFileReference; lastKnownFileType = sourcecode.swift; path = CalculatApp.swift; sourceTree = "<group>"; };
		C85DF10A291A6BEC009B9F5F /* ContentView.swift */ = {isa = PBXFileReference; lastKnownFileType = sourcecode.swift; path = ContentView.swift; sourceTree = "<group>"; };
		C85DF10C291A6BED009B9F5F /* Assets.xcassets */ = {isa = PBXFileReference; lastKnownFileType = folder.assetcatalog; path = Assets.xcassets; sourceTree = "<group>"; };
		C85DF10F291A6BEE009B9F5F /* Preview Assets.xcassets */ = {isa = PBXFileReference; lastKnownFileType = folder.assetcatalog; path = "Preview Assets.xcassets"; sourceTree = "<group>"; };
/* End PBXFileReference section */

/* Begin PBXFrameworksBuildPhase section */
		C85DF102291A6BEC009B9F5F /* Frameworks */ = {
			isa = PBXFrameworksBuildPhase;
			buildActionMask = 2147483647;
			files = (
			);
			runOnlyForDeploymentPostprocessing = 0;
		};
/* End PBXFrameworksBuildPhase section */

/* Begin PBXGroup section */
		C85DC9532923D07D0070E228 /* Calculat 2 */ = {
			isa = PBXGroup;
			children = (
				C85DC9542923D07D0070E228 /* Calculat.xcodeproj */,
				C85DC9572923D07D0070E228 /* Calculat */,
			);
			name = "Calculat 2";
			sourceTree = SOURCE_ROOT;
		};
		C85DC9552923D07D0070E228 /* Products */ = {
			isa = PBXGroup;
			name = Products;
			sourceTree = "<group>";
		};
		C85DC9572923D07D0070E228 /* Calculat */ = {
			isa = PBXGroup;
			children = (
				C85DC9582923D07D0070E228 /* Calculat 2 */,
				C85DCA422923D07E0070E228 /* Assets.xcassets */,
				C85DCA432923D07E0070E228 /* Preview Content */,
				C85DCA452923D07E0070E228 /* fantastic-seascape-with-ripples_1232-424.jpg.webp */,
				C85DCA462923D07E0070E228 /* ContentView.swift */,
				C85DCA472923D07E0070E228 /* CalculatApp.swift */,
			);
			path = Calculat;
			sourceTree = "<group>";
		};
		C85DC9582923D07D0070E228 /* Calculat 2 */ = {
			isa = PBXGroup;
			children = (
				C85DC9592923D07D0070E228 /* Calculat.xcodeproj */,
				C85DC95C2923D07D0070E228 /* Calculat */,
			);
			path = "Calculat 2";
			sourceTree = "<group>";
		};
		C85DC95A2923D07D0070E228 /* Products */ = {
			isa = PBXGroup;
			children = (
				C85DCAB02923D07F0070E228 /* Calculat.app */,
			);
			name = Products;
			sourceTree = "<group>";
		};
		C85DC95C2923D07D0070E228 /* Calculat */ = {
			isa = PBXGroup;
			children = (
				C85DC95D2923D07D0070E228 /* Calculat 2 */,
			);
			path = Calculat;
			sourceTree = "<group>";
		};
		C85DC95D2923D07D0070E228 /* Calculat 2 */ = {
			isa = PBXGroup;
			children = (
				C85DC95E2923D07D0070E228 /* Calculat.xcodeproj */,
				C85DC9612923D07D0070E228 /* Calculat */,
			);
			path = "Calculat 2";
			sourceTree = "<group>";
		};
		C85DC95F2923D07D0070E228 /* Products */ = {
			isa = PBXGroup;
			children = (
				C85DCAA12923D07F0070E228 /* Calculat.app */,
			);
			name = Products;
			sourceTree = "<group>";
		};
		C85DC9612923D07D0070E228 /* Calculat */ = {
			isa = PBXGroup;
			children = (
				C85DC9622923D07D0070E228 /* Calculat 2 */,
			);
			path = Calculat;
			sourceTree = "<group>";
		};
		C85DC9622923D07D0070E228 /* Calculat 2 */ = {
			isa = PBXGroup;
			children = (
				C85DC9632923D07D0070E228 /* Calculat.xcodeproj */,
				C85DC9662923D07D0070E228 /* Calculat */,
			);
			path = "Calculat 2";
			sourceTree = "<group>";
		};
		C85DC9642923D07D0070E228 /* Products */ = {
			isa = PBXGroup;
			children = (
				C85DCA4A2923D07E0070E228 /* Calculat.app */,
			);
			name = Products;
			sourceTree = "<group>";
		};
		C85DC9662923D07D0070E228 /* Calculat */ = {
			isa = PBXGroup;
			children = (
				C85DC9672923D07D0070E228 /* Calculat 2 */,
			);
			path = Calculat;
			sourceTree = "<group>";
		};
		C85DC9672923D07D0070E228 /* Calculat 2 */ = {
			isa = PBXGroup;
			children = (
				C85DC9682923D07D0070E228 /* Calculat.xcodeproj */,
				C85DC96B2923D07D0070E228 /* Calculat */,
			);
			path = "Calculat 2";
			sourceTree = "<group>";
		};
		C85DC9692923D07D0070E228 /* Products */ = {
			isa = PBXGroup;
			children = (
				C85DCA862923D07E0070E228 /* Calculat.app */,
			);
			name = Products;
			sourceTree = "<group>";
		};
		C85DC96B2923D07D0070E228 /* Calculat */ = {
			isa = PBXGroup;
			children = (
				C85DC96C2923D07D0070E228 /* Calculat 2 */,
			);
			path = Calculat;
			sourceTree = "<group>";
		};
		C85DC96C2923D07D0070E228 /* Calculat 2 */ = {
			isa = PBXGroup;
			children = (
				C85DC96D2923D07D0070E228 /* Calculat.xcodeproj */,
				C85DC9702923D07D0070E228 /* Calculat */,
			);
			path = "Calculat 2";
			sourceTree = "<group>";
		};
		C85DC96E2923D07D0070E228 /* Products */ = {
			isa = PBXGroup;
			children = (
				C85DCA772923D07E0070E228 /* Calculat.app */,
			);
			name = Products;
			sourceTree = "<group>";
		};
		C85DC9702923D07D0070E228 /* Calculat */ = {
			isa = PBXGroup;
			children = (
				C85DC9712923D07D0070E228 /* Calculat 2 */,
			);
			path = Calculat;
			sourceTree = "<group>";
		};
		C85DC9712923D07D0070E228 /* Calculat 2 */ = {
			isa = PBXGroup;
			children = (
				C85DC9722923D07D0070E228 /* Calculat.xcodeproj */,
				C85DC9752923D07D0070E228 /* Calculat */,
			);
			path = "Calculat 2";
			sourceTree = "<group>";
		};
		C85DC9732923D07D0070E228 /* Products */ = {
			isa = PBXGroup;
			children = (
				C85DCA9E2923D07E0070E228 /* Calculat.app */,
			);
			name = Products;
			sourceTree = "<group>";
		};
		C85DC9752923D07D0070E228 /* Calculat */ = {
			isa = PBXGroup;
			children = (
				C85DC9762923D07D0070E228 /* Calculat 2 */,
			);
			path = Calculat;
			sourceTree = "<group>";
		};
		C85DC9762923D07D0070E228 /* Calculat 2 */ = {
			isa = PBXGroup;
			children = (
				C85DC9772923D07D0070E228 /* Calculat.xcodeproj */,
				C85DC97A2923D07D0070E228 /* Calculat */,
			);
			path = "Calculat 2";
			sourceTree = "<group>";
		};
		C85DC9782923D07D0070E228 /* Products */ = {
			isa = PBXGroup;
			children = (
				C85DCACB2923D07F0070E228 /* Calculat.app */,
			);
			name = Products;
			sourceTree = "<group>";
		};
		C85DC97A2923D07D0070E228 /* Calculat */ = {
			isa = PBXGroup;
			children = (
				C85DC97B2923D07D0070E228 /* Calculat 2 */,
			);
			path = Calculat;
			sourceTree = "<group>";
		};
		C85DC97B2923D07D0070E228 /* Calculat 2 */ = {
			isa = PBXGroup;
			children = (
				C85DC97C2923D07D0070E228 /* Calculat.xcodeproj */,
				C85DC97F2923D07D0070E228 /* Calculat */,
			);
			path = "Calculat 2";
			sourceTree = "<group>";
		};
		C85DC97D2923D07D0070E228 /* Products */ = {
			isa = PBXGroup;
			children = (
				C85DCAB92923D07F0070E228 /* Calculat.app */,
			);
			name = Products;
			sourceTree = "<group>";
		};
		C85DC97F2923D07D0070E228 /* Calculat */ = {
			isa = PBXGroup;
			children = (
				C85DC9802923D07D0070E228 /* Calculat 2 */,
			);
			path = Calculat;
			sourceTree = "<group>";
		};
		C85DC9802923D07D0070E228 /* Calculat 2 */ = {
			isa = PBXGroup;
			children = (
				C85DC9812923D07D0070E228 /* Calculat.xcodeproj */,
				C85DC9842923D07D0070E228 /* Calculat */,
			);
			path = "Calculat 2";
			sourceTree = "<group>";
		};
		C85DC9822923D07D0070E228 /* Products */ = {
			isa = PBXGroup;
			children = (
				C85DCAB62923D07F0070E228 /* Calculat.app */,
			);
			name = Products;
			sourceTree = "<group>";
		};
		C85DC9842923D07D0070E228 /* Calculat */ = {
			isa = PBXGroup;
			children = (
				C85DC9852923D07D0070E228 /* Calculat 2 */,
			);
			path = Calculat;
			sourceTree = "<group>";
		};
		C85DC9852923D07D0070E228 /* Calculat 2 */ = {
			isa = PBXGroup;
			children = (
				C85DC9862923D07D0070E228 /* Calculat.xcodeproj */,
				C85DC9892923D07D0070E228 /* Calculat */,
			);
			path = "Calculat 2";
			sourceTree = "<group>";
		};
		C85DC9872923D07D0070E228 /* Products */ = {
			isa = PBXGroup;
			children = (
				C85DCA892923D07E0070E228 /* Calculat.app */,
			);
			name = Products;
			sourceTree = "<group>";
		};
		C85DC9892923D07D0070E228 /* Calculat */ = {
			isa = PBXGroup;
			children = (
				C85DC98A2923D07D0070E228 /* Calculat 2 */,
			);
			path = Calculat;
			sourceTree = "<group>";
		};
		C85DC98A2923D07D0070E228 /* Calculat 2 */ = {
			isa = PBXGroup;
			children = (
				C85DC98B2923D07D0070E228 /* Calculat.xcodeproj */,
				C85DC98E2923D07D0070E228 /* Calculat */,
			);
			path = "Calculat 2";
			sourceTree = "<group>";
		};
		C85DC98C2923D07D0070E228 /* Products */ = {
			isa = PBXGroup;
			children = (
				C85DCAAA2923D07F0070E228 /* Calculat.app */,
			);
			name = Products;
			sourceTree = "<group>";
		};
		C85DC98E2923D07D0070E228 /* Calculat */ = {
			isa = PBXGroup;
			children = (
				C85DC98F2923D07D0070E228 /* Calculat 2 */,
			);
			path = Calculat;
			sourceTree = "<group>";
		};
		C85DC98F2923D07D0070E228 /* Calculat 2 */ = {
			isa = PBXGroup;
			children = (
				C85DC9902923D07D0070E228 /* Calculat.xcodeproj */,
				C85DC9932923D07D0070E228 /* Calculat */,
			);
			path = "Calculat 2";
			sourceTree = "<group>";
		};
		C85DC9912923D07D0070E228 /* Products */ = {
			isa = PBXGroup;
			children = (
				C85DCA742923D07E0070E228 /* Calculat.app */,
			);
			name = Products;
			sourceTree = "<group>";
		};
		C85DC9932923D07D0070E228 /* Calculat */ = {
			isa = PBXGroup;
			children = (
				C85DC9942923D07D0070E228 /* Calculat 2 */,
			);
			path = Calculat;
			sourceTree = "<group>";
		};
		C85DC9942923D07D0070E228 /* Calculat 2 */ = {
			isa = PBXGroup;
			children = (
				C85DC9952923D07D0070E228 /* Calculat.xcodeproj */,
				C85DC9982923D07D0070E228 /* Calculat */,
			);
			path = "Calculat 2";
			sourceTree = "<group>";
		};
		C85DC9962923D07D0070E228 /* Products */ = {
			isa = PBXGroup;
			children = (
				C85DCA712923D07E0070E228 /* Calculat.app */,
			);
			name = Products;
			sourceTree = "<group>";
		};
		C85DC9982923D07D0070E228 /* Calculat */ = {
			isa = PBXGroup;
			children = (
				C85DC9992923D07D0070E228 /* Calculat 2 */,
			);
			path = Calculat;
			sourceTree = "<group>";
		};
		C85DC9992923D07D0070E228 /* Calculat 2 */ = {
			isa = PBXGroup;
			children = (
				C85DC99A2923D07D0070E228 /* Calculat.xcodeproj */,
				C85DC99D2923D07D0070E228 /* Calculat */,
			);
			path = "Calculat 2";
			sourceTree = "<group>";
		};
		C85DC99B2923D07D0070E228 /* Products */ = {
			isa = PBXGroup;
			children = (
				C85DCA652923D07E0070E228 /* Calculat.app */,
			);
			name = Products;
			sourceTree = "<group>";
		};
		C85DC99D2923D07D0070E228 /* Calculat */ = {
			isa = PBXGroup;
			children = (
				C85DC99E2923D07D0070E228 /* Calculat 2 */,
			);
			path = Calculat;
			sourceTree = "<group>";
		};
		C85DC99E2923D07D0070E228 /* Calculat 2 */ = {
			isa = PBXGroup;
			children = (
				C85DC99F2923D07D0070E228 /* Calculat.xcodeproj */,
				C85DC9A22923D07D0070E228 /* Calculat */,
			);
			path = "Calculat 2";
			sourceTree = "<group>";
		};
		C85DC9A02923D07D0070E228 /* Products */ = {
			isa = PBXGroup;
			children = (
				C85DCAA42923D07F0070E228 /* Calculat.app */,
			);
			name = Products;
			sourceTree = "<group>";
		};
		C85DC9A22923D07D0070E228 /* Calculat */ = {
			isa = PBXGroup;
			children = (
				C85DC9A32923D07D0070E228 /* Calculat 2 */,
			);
			path = Calculat;
			sourceTree = "<group>";
		};
		C85DC9A32923D07D0070E228 /* Calculat 2 */ = {
			isa = PBXGroup;
			children = (
				C85DC9A42923D07D0070E228 /* Calculat.xcodeproj */,
				C85DC9A72923D07D0070E228 /* Calculat */,
			);
			path = "Calculat 2";
			sourceTree = "<group>";
		};
		C85DC9A52923D07D0070E228 /* Products */ = {
			isa = PBXGroup;
			children = (
				C85DCA562923D07E0070E228 /* Calculat.app */,
			);
			name = Products;
			sourceTree = "<group>";
		};
		C85DC9A72923D07D0070E228 /* Calculat */ = {
			isa = PBXGroup;
			children = (
				C85DC9A82923D07D0070E228 /* Calculat 2 */,
			);
			path = Calculat;
			sourceTree = "<group>";
		};
		C85DC9A82923D07D0070E228 /* Calculat 2 */ = {
			isa = PBXGroup;
			children = (
				C85DC9A92923D07D0070E228 /* Calculat.xcodeproj */,
				C85DC9AC2923D07D0070E228 /* Calculat */,
			);
			path = "Calculat 2";
			sourceTree = "<group>";
		};
		C85DC9AA2923D07D0070E228 /* Products */ = {
			isa = PBXGroup;
			children = (
				C85DCAD42923D07F0070E228 /* Calculat.app */,
			);
			name = Products;
			sourceTree = "<group>";
		};
		C85DC9AC2923D07D0070E228 /* Calculat */ = {
			isa = PBXGroup;
			children = (
				C85DC9AD2923D07D0070E228 /* Calculat 2 */,
			);
			path = Calculat;
			sourceTree = "<group>";
		};
		C85DC9AD2923D07D0070E228 /* Calculat 2 */ = {
			isa = PBXGroup;
			children = (
				C85DC9AE2923D07D0070E228 /* Calculat.xcodeproj */,
				C85DC9B12923D07D0070E228 /* Calculat */,
			);
			path = "Calculat 2";
			sourceTree = "<group>";
		};
		C85DC9AF2923D07D0070E228 /* Products */ = {
			isa = PBXGroup;
			children = (
				C85DCAA72923D07F0070E228 /* Calculat.app */,
			);
			name = Products;
			sourceTree = "<group>";
		};
		C85DC9B12923D07D0070E228 /* Calculat */ = {
			isa = PBXGroup;
			children = (
				C85DC9B22923D07D0070E228 /* Calculat 2 */,
			);
			path = Calculat;
			sourceTree = "<group>";
		};
		C85DC9B22923D07D0070E228 /* Calculat 2 */ = {
			isa = PBXGroup;
			children = (
				C85DC9B32923D07D0070E228 /* Calculat.xcodeproj */,
				C85DC9B62923D07D0070E228 /* Calculat */,
			);
			path = "Calculat 2";
			sourceTree = "<group>";
		};
		C85DC9B42923D07D0070E228 /* Products */ = {
			isa = PBXGroup;
			children = (
				C85DCACE2923D07F0070E228 /* Calculat.app */,
			);
			name = Products;
			sourceTree = "<group>";
		};
		C85DC9B62923D07D0070E228 /* Calculat */ = {
			isa = PBXGroup;
			children = (
				C85DC9B72923D07D0070E228 /* Calculat 2 */,
			);
			path = Calculat;
			sourceTree = "<group>";
		};
		C85DC9B72923D07D0070E228 /* Calculat 2 */ = {
			isa = PBXGroup;
			children = (
				C85DC9B82923D07D0070E228 /* Calculat.xcodeproj */,
				C85DC9BB2923D07D0070E228 /* Calculat */,
			);
			path = "Calculat 2";
			sourceTree = "<group>";
		};
		C85DC9B92923D07D0070E228 /* Products */ = {
			isa = PBXGroup;
			children = (
				C85DCA922923D07E0070E228 /* Calculat.app */,
			);
			name = Products;
			sourceTree = "<group>";
		};
		C85DC9BB2923D07D0070E228 /* Calculat */ = {
			isa = PBXGroup;
			children = (
				C85DC9BC2923D07D0070E228 /* Calculat 2 */,
			);
			path = Calculat;
			sourceTree = "<group>";
		};
		C85DC9BC2923D07D0070E228 /* Calculat 2 */ = {
			isa = PBXGroup;
			children = (
				C85DC9BD2923D07D0070E228 /* Calculat.xcodeproj */,
				C85DC9C02923D07D0070E228 /* Calculat */,
			);
			path = "Calculat 2";
			sourceTree = "<group>";
		};
		C85DC9BE2923D07D0070E228 /* Products */ = {
			isa = PBXGroup;
			children = (
				C85DCA7A2923D07E0070E228 /* Calculat.app */,
			);
			name = Products;
			sourceTree = "<group>";
		};
		C85DC9C02923D07D0070E228 /* Calculat */ = {
			isa = PBXGroup;
			children = (
				C85DC9C12923D07D0070E228 /* Calculat 2 */,
			);
			path = Calculat;
			sourceTree = "<group>";
		};
		C85DC9C12923D07D0070E228 /* Calculat 2 */ = {
			isa = PBXGroup;
			children = (
				C85DC9C22923D07D0070E228 /* Calculat.xcodeproj */,
				C85DC9C52923D07D0070E228 /* Calculat */,
			);
			path = "Calculat 2";
			sourceTree = "<group>";
		};
		C85DC9C32923D07D0070E228 /* Products */ = {
			isa = PBXGroup;
			children = (
				C85DCA5F2923D07E0070E228 /* Calculat.app */,
			);
			name = Products;
			sourceTree = "<group>";
		};
		C85DC9C52923D07D0070E228 /* Calculat */ = {
			isa = PBXGroup;
			children = (
				C85DC9C62923D07D0070E228 /* Calculat 2 */,
			);
			path = Calculat;
			sourceTree = "<group>";
		};
		C85DC9C62923D07D0070E228 /* Calculat 2 */ = {
			isa = PBXGroup;
			children = (
				C85DC9C72923D07D0070E228 /* Calculat.xcodeproj */,
				C85DC9CA2923D07D0070E228 /* Calculat */,
			);
			path = "Calculat 2";
			sourceTree = "<group>";
		};
		C85DC9C82923D07D0070E228 /* Products */ = {
			isa = PBXGroup;
			children = (
				C85DCAB32923D07F0070E228 /* Calculat.app */,
			);
			name = Products;
			sourceTree = "<group>";
		};
		C85DC9CA2923D07D0070E228 /* Calculat */ = {
			isa = PBXGroup;
			children = (
				C85DC9CB2923D07D0070E228 /* Calculat 2 */,
			);
			path = Calculat;
			sourceTree = "<group>";
		};
		C85DC9CB2923D07D0070E228 /* Calculat 2 */ = {
			isa = PBXGroup;
			children = (
				C85DC9CC2923D07D0070E228 /* Calculat.xcodeproj */,
				C85DC9CF2923D07D0070E228 /* Calculat */,
			);
			path = "Calculat 2";
			sourceTree = "<group>";
		};
		C85DC9CD2923D07D0070E228 /* Products */ = {
			isa = PBXGroup;
			children = (
				C85DCA622923D07E0070E228 /* Calculat.app */,
			);
			name = Products;
			sourceTree = "<group>";
		};
		C85DC9CF2923D07D0070E228 /* Calculat */ = {
			isa = PBXGroup;
			children = (
				C85DC9D02923D07D0070E228 /* Calculat 2 */,
			);
			path = Calculat;
			sourceTree = "<group>";
		};
		C85DC9D02923D07D0070E228 /* Calculat 2 */ = {
			isa = PBXGroup;
			children = (
				C85DC9D12923D07D0070E228 /* Calculat.xcodeproj */,
				C85DC9D42923D07E0070E228 /* Calculat */,
			);
			path = "Calculat 2";
			sourceTree = "<group>";
		};
		C85DC9D22923D07D0070E228 /* Products */ = {
			isa = PBXGroup;
			children = (
				C85DCA952923D07E0070E228 /* Calculat.app */,
			);
			name = Products;
			sourceTree = "<group>";
		};
		C85DC9D42923D07E0070E228 /* Calculat */ = {
			isa = PBXGroup;
			children = (
				C85DC9D52923D07E0070E228 /* Calculat 2 */,
			);
			path = Calculat;
			sourceTree = "<group>";
		};
		C85DC9D52923D07E0070E228 /* Calculat 2 */ = {
			isa = PBXGroup;
			children = (
				C85DC9D62923D07E0070E228 /* Calculat.xcodeproj */,
				C85DC9D92923D07E0070E228 /* Calculat */,
			);
			path = "Calculat 2";
			sourceTree = "<group>";
		};
		C85DC9D72923D07E0070E228 /* Products */ = {
			isa = PBXGroup;
			children = (
				C85DCAC22923D07F0070E228 /* Calculat.app */,
			);
			name = Products;
			sourceTree = "<group>";
		};
		C85DC9D92923D07E0070E228 /* Calculat */ = {
			isa = PBXGroup;
			children = (
				C85DC9DA2923D07E0070E228 /* Calculat 2 */,
			);
			path = Calculat;
			sourceTree = "<group>";
		};
		C85DC9DA2923D07E0070E228 /* Calculat 2 */ = {
			isa = PBXGroup;
			children = (
				C85DC9DB2923D07E0070E228 /* Calculat.xcodeproj */,
				C85DC9DE2923D07E0070E228 /* Calculat */,
			);
			path = "Calculat 2";
			sourceTree = "<group>";
		};
		C85DC9DC2923D07E0070E228 /* Products */ = {
			isa = PBXGroup;
			children = (
				C85DCA532923D07E0070E228 /* Calculat.app */,
			);
			name = Products;
			sourceTree = "<group>";
		};
		C85DC9DE2923D07E0070E228 /* Calculat */ = {
			isa = PBXGroup;
			children = (
				C85DC9DF2923D07E0070E228 /* Calculat 2 */,
			);
			path = Calculat;
			sourceTree = "<group>";
		};
		C85DC9DF2923D07E0070E228 /* Calculat 2 */ = {
			isa = PBXGroup;
			children = (
				C85DC9E02923D07E0070E228 /* Calculat.xcodeproj */,
				C85DC9E32923D07E0070E228 /* Calculat */,
			);
			path = "Calculat 2";
			sourceTree = "<group>";
		};
		C85DC9E12923D07E0070E228 /* Products */ = {
			isa = PBXGroup;
			children = (
				C85DCA982923D07E0070E228 /* Calculat.app */,
			);
			name = Products;
			sourceTree = "<group>";
		};
		C85DC9E32923D07E0070E228 /* Calculat */ = {
			isa = PBXGroup;
			children = (
				C85DC9E42923D07E0070E228 /* Calculat 2 */,
			);
			path = Calculat;
			sourceTree = "<group>";
		};
		C85DC9E42923D07E0070E228 /* Calculat 2 */ = {
			isa = PBXGroup;
			children = (
				C85DC9E52923D07E0070E228 /* Calculat.xcodeproj */,
				C85DC9E82923D07E0070E228 /* Calculat */,
			);
			path = "Calculat 2";
			sourceTree = "<group>";
		};
		C85DC9E62923D07E0070E228 /* Products */ = {
			isa = PBXGroup;
			children = (
				C85DCA6E2923D07E0070E228 /* Calculat.app */,
			);
			name = Products;
			sourceTree = "<group>";
		};
		C85DC9E82923D07E0070E228 /* Calculat */ = {
			isa = PBXGroup;
			children = (
				C85DC9E92923D07E0070E228 /* Calculat 2 */,
			);
			path = Calculat;
			sourceTree = "<group>";
		};
		C85DC9E92923D07E0070E228 /* Calculat 2 */ = {
			isa = PBXGroup;
			children = (
				C85DC9EA2923D07E0070E228 /* Calculat.xcodeproj */,
				C85DC9ED2923D07E0070E228 /* Calculat */,
			);
			path = "Calculat 2";
			sourceTree = "<group>";
		};
		C85DC9EB2923D07E0070E228 /* Products */ = {
			isa = PBXGroup;
			children = (
				C85DCAC82923D07F0070E228 /* Calculat.app */,
			);
			name = Products;
			sourceTree = "<group>";
		};
		C85DC9ED2923D07E0070E228 /* Calculat */ = {
			isa = PBXGroup;
			children = (
				C85DC9EE2923D07E0070E228 /* Calculat 2 */,
			);
			path = Calculat;
			sourceTree = "<group>";
		};
		C85DC9EE2923D07E0070E228 /* Calculat 2 */ = {
			isa = PBXGroup;
			children = (
				C85DC9EF2923D07E0070E228 /* Calculat.xcodeproj */,
				C85DC9F22923D07E0070E228 /* Calculat */,
			);
			path = "Calculat 2";
			sourceTree = "<group>";
		};
		C85DC9F02923D07E0070E228 /* Products */ = {
			isa = PBXGroup;
			children = (
				C85DCA9B2923D07E0070E228 /* Calculat.app */,
			);
			name = Products;
			sourceTree = "<group>";
		};
		C85DC9F22923D07E0070E228 /* Calculat */ = {
			isa = PBXGroup;
			children = (
				C85DC9F32923D07E0070E228 /* Calculat 2 */,
			);
			path = Calculat;
			sourceTree = "<group>";
		};
		C85DC9F32923D07E0070E228 /* Calculat 2 */ = {
			isa = PBXGroup;
			children = (
				C85DC9F42923D07E0070E228 /* Calculat.xcodeproj */,
				C85DC9F72923D07E0070E228 /* Calculat */,
			);
			path = "Calculat 2";
			sourceTree = "<group>";
		};
		C85DC9F52923D07E0070E228 /* Products */ = {
			isa = PBXGroup;
			children = (
				C85DCA4D2923D07E0070E228 /* Calculat.app */,
			);
			name = Products;
			sourceTree = "<group>";
		};
		C85DC9F72923D07E0070E228 /* Calculat */ = {
			isa = PBXGroup;
			children = (
				C85DC9F82923D07E0070E228 /* Calculat 2 */,
			);
			path = Calculat;
			sourceTree = "<group>";
		};
		C85DC9F82923D07E0070E228 /* Calculat 2 */ = {
			isa = PBXGroup;
			children = (
				C85DC9F92923D07E0070E228 /* Calculat.xcodeproj */,
				C85DC9FC2923D07E0070E228 /* Calculat */,
			);
			path = "Calculat 2";
			sourceTree = "<group>";
		};
		C85DC9FA2923D07E0070E228 /* Products */ = {
			isa = PBXGroup;
			children = (
				C85DCA682923D07E0070E228 /* Calculat.app */,
			);
			name = Products;
			sourceTree = "<group>";
		};
		C85DC9FC2923D07E0070E228 /* Calculat */ = {
			isa = PBXGroup;
			children = (
				C85DC9FD2923D07E0070E228 /* Calculat 2 */,
			);
			path = Calculat;
			sourceTree = "<group>";
		};
		C85DC9FD2923D07E0070E228 /* Calculat 2 */ = {
			isa = PBXGroup;
			children = (
				C85DC9FE2923D07E0070E228 /* Calculat.xcodeproj */,
				C85DCA012923D07E0070E228 /* Calculat */,
			);
			path = "Calculat 2";
			sourceTree = "<group>";
		};
		C85DC9FF2923D07E0070E228 /* Products */ = {
			isa = PBXGroup;
			children = (
				C85DCA6B2923D07E0070E228 /* Calculat.app */,
			);
			name = Products;
			sourceTree = "<group>";
		};
		C85DCA012923D07E0070E228 /* Calculat */ = {
			isa = PBXGroup;
			children = (
				C85DCA022923D07E0070E228 /* Calculat 2 */,
			);
			path = Calculat;
			sourceTree = "<group>";
		};
		C85DCA022923D07E0070E228 /* Calculat 2 */ = {
			isa = PBXGroup;
			children = (
				C85DCA032923D07E0070E228 /* Calculat.xcodeproj */,
				C85DCA062923D07E0070E228 /* Calculat */,
			);
			path = "Calculat 2";
			sourceTree = "<group>";
		};
		C85DCA042923D07E0070E228 /* Products */ = {
			isa = PBXGroup;
			children = (
				C85DCA832923D07E0070E228 /* Calculat.app */,
			);
			name = Products;
			sourceTree = "<group>";
		};
		C85DCA062923D07E0070E228 /* Calculat */ = {
			isa = PBXGroup;
			children = (
				C85DCA072923D07E0070E228 /* Calculat 2 */,
			);
			path = Calculat;
			sourceTree = "<group>";
		};
		C85DCA072923D07E0070E228 /* Calculat 2 */ = {
			isa = PBXGroup;
			children = (
				C85DCA082923D07E0070E228 /* Calculat.xcodeproj */,
				C85DCA0B2923D07E0070E228 /* Calculat */,
			);
			path = "Calculat 2";
			sourceTree = "<group>";
		};
		C85DCA092923D07E0070E228 /* Products */ = {
			isa = PBXGroup;
			children = (
				C85DCA592923D07E0070E228 /* Calculat.app */,
			);
			name = Products;
			sourceTree = "<group>";
		};
		C85DCA0B2923D07E0070E228 /* Calculat */ = {
			isa = PBXGroup;
			children = (
				C85DCA0C2923D07E0070E228 /* Calculat 2 */,
			);
			path = Calculat;
			sourceTree = "<group>";
		};
		C85DCA0C2923D07E0070E228 /* Calculat 2 */ = {
			isa = PBXGroup;
			children = (
				C85DCA0D2923D07E0070E228 /* Calculat.xcodeproj */,
				C85DCA102923D07E0070E228 /* Calculat */,
			);
			path = "Calculat 2";
			sourceTree = "<group>";
		};
		C85DCA0E2923D07E0070E228 /* Products */ = {
			isa = PBXGroup;
			children = (
				C85DCA5C2923D07E0070E228 /* Calculat.app */,
			);
			name = Products;
			sourceTree = "<group>";
		};
		C85DCA102923D07E0070E228 /* Calculat */ = {
			isa = PBXGroup;
			children = (
				C85DCA112923D07E0070E228 /* Calculat 2 */,
			);
			path = Calculat;
			sourceTree = "<group>";
		};
		C85DCA112923D07E0070E228 /* Calculat 2 */ = {
			isa = PBXGroup;
			children = (
				C85DCA122923D07E0070E228 /* Calculat.xcodeproj */,
				C85DCA152923D07E0070E228 /* Calculat */,
			);
			path = "Calculat 2";
			sourceTree = "<group>";
		};
		C85DCA132923D07E0070E228 /* Products */ = {
			isa = PBXGroup;
			children = (
				C85DCAD12923D07F0070E228 /* Calculat.app */,
			);
			name = Products;
			sourceTree = "<group>";
		};
		C85DCA152923D07E0070E228 /* Calculat */ = {
			isa = PBXGroup;
			children = (
				C85DCA162923D07E0070E228 /* Calculat 2 */,
			);
			path = Calculat;
			sourceTree = "<group>";
		};
		C85DCA162923D07E0070E228 /* Calculat 2 */ = {
			isa = PBXGroup;
			children = (
				C85DCA172923D07E0070E228 /* Calculat.xcodeproj */,
				C85DCA1A2923D07E0070E228 /* Calculat */,
			);
			path = "Calculat 2";
			sourceTree = "<group>";
		};
		C85DCA182923D07E0070E228 /* Products */ = {
			isa = PBXGroup;
			children = (
				C85DCA8C2923D07E0070E228 /* Calculat.app */,
			);
			name = Products;
			sourceTree = "<group>";
		};
		C85DCA1A2923D07E0070E228 /* Calculat */ = {
			isa = PBXGroup;
			children = (
				C85DCA1B2923D07E0070E228 /* Calculat 2 */,
			);
			path = Calculat;
			sourceTree = "<group>";
		};
		C85DCA1B2923D07E0070E228 /* Calculat 2 */ = {
			isa = PBXGroup;
			children = (
				C85DCA1C2923D07E0070E228 /* Calculat.xcodeproj */,
				C85DCA1F2923D07E0070E228 /* Calculat */,
			);
			path = "Calculat 2";
			sourceTree = "<group>";
		};
		C85DCA1D2923D07E0070E228 /* Products */ = {
			isa = PBXGroup;
			children = (
				C85DCAC52923D07F0070E228 /* Calculat.app */,
			);
			name = Products;
			sourceTree = "<group>";
		};
		C85DCA1F2923D07E0070E228 /* Calculat */ = {
			isa = PBXGroup;
			children = (
				C85DCA202923D07E0070E228 /* Calculat 2 */,
			);
			path = Calculat;
			sourceTree = "<group>";
		};
		C85DCA202923D07E0070E228 /* Calculat 2 */ = {
			isa = PBXGroup;
			children = (
				C85DCA212923D07E0070E228 /* Calculat.xcodeproj */,
				C85DCA242923D07E0070E228 /* Calculat */,
			);
			path = "Calculat 2";
			sourceTree = "<group>";
		};
		C85DCA222923D07E0070E228 /* Products */ = {
			isa = PBXGroup;
			children = (
				C85DCA8F2923D07E0070E228 /* Calculat.app */,
			);
			name = Products;
			sourceTree = "<group>";
		};
		C85DCA242923D07E0070E228 /* Calculat */ = {
			isa = PBXGroup;
			children = (
				C85DCA252923D07E0070E228 /* Calculat 2 */,
			);
			path = Calculat;
			sourceTree = "<group>";
		};
		C85DCA252923D07E0070E228 /* Calculat 2 */ = {
			isa = PBXGroup;
			children = (
				C85DCA262923D07E0070E228 /* Calculat.xcodeproj */,
				C85DCA292923D07E0070E228 /* Calculat */,
			);
			path = "Calculat 2";
			sourceTree = "<group>";
		};
		C85DCA272923D07E0070E228 /* Products */ = {
			isa = PBXGroup;
			children = (
				C85DCAAD2923D07F0070E228 /* Calculat.app */,
			);
			name = Products;
			sourceTree = "<group>";
		};
		C85DCA292923D07E0070E228 /* Calculat */ = {
			isa = PBXGroup;
			children = (
				C85DCA2A2923D07E0070E228 /* Calculat 2 */,
			);
			path = Calculat;
			sourceTree = "<group>";
		};
		C85DCA2A2923D07E0070E228 /* Calculat 2 */ = {
			isa = PBXGroup;
			children = (
				C85DCA2B2923D07E0070E228 /* Calculat.xcodeproj */,
				C85DCA2E2923D07E0070E228 /* Calculat */,
			);
			path = "Calculat 2";
			sourceTree = "<group>";
		};
		C85DCA2C2923D07E0070E228 /* Products */ = {
			isa = PBXGroup;
			children = (
				C85DCA7D2923D07E0070E228 /* Calculat.app */,
			);
			name = Products;
			sourceTree = "<group>";
		};
		C85DCA2E2923D07E0070E228 /* Calculat */ = {
			isa = PBXGroup;
			children = (
				C85DCA2F2923D07E0070E228 /* Calculat 2 */,
			);
			path = Calculat;
			sourceTree = "<group>";
		};
		C85DCA2F2923D07E0070E228 /* Calculat 2 */ = {
			isa = PBXGroup;
			children = (
				C85DCA302923D07E0070E228 /* Calculat.xcodeproj */,
				C85DCA332923D07E0070E228 /* Calculat */,
			);
			path = "Calculat 2";
			sourceTree = "<group>";
		};
		C85DCA312923D07E0070E228 /* Products */ = {
			isa = PBXGroup;
			children = (
				C85DCA802923D07E0070E228 /* Calculat.app */,
			);
			name = Products;
			sourceTree = "<group>";
		};
		C85DCA332923D07E0070E228 /* Calculat */ = {
			isa = PBXGroup;
			children = (
				C85DCA342923D07E0070E228 /* Calculat 2 */,
			);
			path = Calculat;
			sourceTree = "<group>";
		};
		C85DCA342923D07E0070E228 /* Calculat 2 */ = {
			isa = PBXGroup;
			children = (
				C85DCA352923D07E0070E228 /* Calculat.xcodeproj */,
				C85DCA382923D07E0070E228 /* Calculat */,
			);
			path = "Calculat 2";
			sourceTree = "<group>";
		};
		C85DCA362923D07E0070E228 /* Products */ = {
			isa = PBXGroup;
			children = (
				C85DCABF2923D07F0070E228 /* Calculat.app */,
			);
			name = Products;
			sourceTree = "<group>";
		};
		C85DCA382923D07E0070E228 /* Calculat */ = {
			isa = PBXGroup;
			children = (
				C85DCA392923D07E0070E228 /* Calculat 2 */,
			);
			path = Calculat;
			sourceTree = "<group>";
		};
		C85DCA392923D07E0070E228 /* Calculat 2 */ = {
			isa = PBXGroup;
			children = (
				C85DCA3A2923D07E0070E228 /* Calculat.xcodeproj */,
				C85DCA3D2923D07E0070E228 /* Calculat */,
			);
			path = "Calculat 2";
			sourceTree = "<group>";
		};
		C85DCA3B2923D07E0070E228 /* Products */ = {
			isa = PBXGroup;
			children = (
				C85DCABC2923D07F0070E228 /* Calculat.app */,
			);
			name = Products;
			sourceTree = "<group>";
		};
		C85DCA3D2923D07E0070E228 /* Calculat */ = {
			isa = PBXGroup;
			children = (
				C85DCA3E2923D07E0070E228 /* Calculat 2 */,
			);
			path = Calculat;
			sourceTree = "<group>";
		};
		C85DCA3E2923D07E0070E228 /* Calculat 2 */ = {
			isa = PBXGroup;
			children = (
				C85DCA3F2923D07E0070E228 /* Calculat.xcodeproj */,
			);
			path = "Calculat 2";
			sourceTree = "<group>";
		};
		C85DCA402923D07E0070E228 /* Products */ = {
			isa = PBXGroup;
			children = (
				C85DCA502923D07E0070E228 /* Calculat.app */,
			);
			name = Products;
			sourceTree = "<group>";
		};
		C85DCA432923D07E0070E228 /* Preview Content */ = {
			isa = PBXGroup;
			children = (
				C85DCA442923D07E0070E228 /* Preview Assets.xcassets */,
			);
			path = "Preview Content";
			sourceTree = "<group>";
		};
		C85DF0FC291A6BEC009B9F5F = {
			isa = PBXGroup;
			children = (
				C85DF107291A6BEC009B9F5F /* Calculat */,
				C85DF106291A6BEC009B9F5F /* Products */,
			);
			sourceTree = "<group>";
		};
		C85DF106291A6BEC009B9F5F /* Products */ = {
			isa = PBXGroup;
			children = (
				C85DF105291A6BEC009B9F5F /* Calculat.app */,
			);
			name = Products;
			sourceTree = "<group>";
		};
		C85DF107291A6BEC009B9F5F /* Calculat */ = {
			isa = PBXGroup;
			children = (
				C85DF108291A6BEC009B9F5F /* CalculatApp.swift */,
				C85DF10A291A6BEC009B9F5F /* ContentView.swift */,
				C85DC9532923D07D0070E228 /* Calculat 2 */,
				C85DF10C291A6BED009B9F5F /* Assets.xcassets */,
				C85DF10E291A6BEE009B9F5F /* Preview Content */,
			);
			path = Calculat;
			sourceTree = "<group>";
		};
		C85DF10E291A6BEE009B9F5F /* Preview Content */ = {
			isa = PBXGroup;
			children = (
				C85DF10F291A6BEE009B9F5F /* Preview Assets.xcassets */,
			);
			path = "Preview Content";
			sourceTree = "<group>";
		};
/* End PBXGroup section */

/* Begin PBXNativeTarget section */
		C85DF104291A6BEC009B9F5F /* Calculat */ = {
			isa = PBXNativeTarget;
			buildConfigurationList = C85DF113291A6BEE009B9F5F /* Build configuration list for PBXNativeTarget "Calculat" */;
			buildPhases = (
				C85DF101291A6BEC009B9F5F /* Sources */,
				C85DF102291A6BEC009B9F5F /* Frameworks */,
				C85DF103291A6BEC009B9F5F /* Resources */,
			);
			buildRules = (
			);
			dependencies = (
			);
			name = Calculat;
			productName = Calculat;
			productReference = C85DF105291A6BEC009B9F5F /* Calculat.app */;
			productType = "com.apple.product-type.application";
		};
/* End PBXNativeTarget section */

/* Begin PBXProject section */
		C85DF0FD291A6BEC009B9F5F /* Project object */ = {
			isa = PBXProject;
			attributes = {
				BuildIndependentTargetsInParallel = 1;
				LastSwiftUpdateCheck = 1330;
				LastUpgradeCheck = 1330;
				TargetAttributes = {
					C85DF104291A6BEC009B9F5F = {
						CreatedOnToolsVersion = 13.3.1;
					};
				};
			};
			buildConfigurationList = C85DF100291A6BEC009B9F5F /* Build configuration list for PBXProject "Calculat" */;
			compatibilityVersion = "Xcode 13.0";
			developmentRegion = en;
			hasScannedForEncodings = 0;
			knownRegions = (
				en,
				Base,
			);
			mainGroup = C85DF0FC291A6BEC009B9F5F;
			productRefGroup = C85DF106291A6BEC009B9F5F /* Products */;
			projectDirPath = "";
			projectReferences = (
				{
					ProductGroup = C85DC9642923D07D0070E228 /* Products */;
					ProjectRef = C85DC9632923D07D0070E228 /* Calculat.xcodeproj */;
				},
				{
					ProductGroup = C85DC9F52923D07E0070E228 /* Products */;
					ProjectRef = C85DC9F42923D07E0070E228 /* Calculat.xcodeproj */;
				},
				{
					ProductGroup = C85DCA402923D07E0070E228 /* Products */;
					ProjectRef = C85DCA3F2923D07E0070E228 /* Calculat.xcodeproj */;
				},
				{
					ProductGroup = C85DC9DC2923D07E0070E228 /* Products */;
					ProjectRef = C85DC9DB2923D07E0070E228 /* Calculat.xcodeproj */;
				},
				{
					ProductGroup = C85DC9A52923D07D0070E228 /* Products */;
					ProjectRef = C85DC9A42923D07D0070E228 /* Calculat.xcodeproj */;
				},
				{
					ProductGroup = C85DCA092923D07E0070E228 /* Products */;
					ProjectRef = C85DCA082923D07E0070E228 /* Calculat.xcodeproj */;
				},
				{
					ProductGroup = C85DCA0E2923D07E0070E228 /* Products */;
					ProjectRef = C85DCA0D2923D07E0070E228 /* Calculat.xcodeproj */;
				},
				{
					ProductGroup = C85DC9C32923D07D0070E228 /* Products */;
					ProjectRef = C85DC9C22923D07D0070E228 /* Calculat.xcodeproj */;
				},
				{
					ProductGroup = C85DC9CD2923D07D0070E228 /* Products */;
					ProjectRef = C85DC9CC2923D07D0070E228 /* Calculat.xcodeproj */;
				},
				{
					ProductGroup = C85DC99B2923D07D0070E228 /* Products */;
					ProjectRef = C85DC99A2923D07D0070E228 /* Calculat.xcodeproj */;
				},
				{
					ProductGroup = C85DC9FA2923D07E0070E228 /* Products */;
					ProjectRef = C85DC9F92923D07E0070E228 /* Calculat.xcodeproj */;
				},
				{
					ProductGroup = C85DC9FF2923D07E0070E228 /* Products */;
					ProjectRef = C85DC9FE2923D07E0070E228 /* Calculat.xcodeproj */;
				},
				{
					ProductGroup = C85DC9E62923D07E0070E228 /* Products */;
					ProjectRef = C85DC9E52923D07E0070E228 /* Calculat.xcodeproj */;
				},
				{
					ProductGroup = C85DC9962923D07D0070E228 /* Products */;
					ProjectRef = C85DC9952923D07D0070E228 /* Calculat.xcodeproj */;
				},
				{
					ProductGroup = C85DC9912923D07D0070E228 /* Products */;
					ProjectRef = C85DC9902923D07D0070E228 /* Calculat.xcodeproj */;
				},
				{
					ProductGroup = C85DC9552923D07D0070E228 /* Products */;
					ProjectRef = C85DC9542923D07D0070E228 /* Calculat.xcodeproj */;
				},
				{
					ProductGroup = C85DC96E2923D07D0070E228 /* Products */;
					ProjectRef = C85DC96D2923D07D0070E228 /* Calculat.xcodeproj */;
				},
				{
					ProductGroup = C85DC9BE2923D07D0070E228 /* Products */;
					ProjectRef = C85DC9BD2923D07D0070E228 /* Calculat.xcodeproj */;
				},
				{
					ProductGroup = C85DCA2C2923D07E0070E228 /* Products */;
					ProjectRef = C85DCA2B2923D07E0070E228 /* Calculat.xcodeproj */;
				},
				{
					ProductGroup = C85DCA312923D07E0070E228 /* Products */;
					ProjectRef = C85DCA302923D07E0070E228 /* Calculat.xcodeproj */;
				},
				{
					ProductGroup = C85DCA042923D07E0070E228 /* Products */;
					ProjectRef = C85DCA032923D07E0070E228 /* Calculat.xcodeproj */;
				},
				{
					ProductGroup = C85DC9692923D07D0070E228 /* Products */;
					ProjectRef = C85DC9682923D07D0070E228 /* Calculat.xcodeproj */;
				},
				{
					ProductGroup = C85DC9872923D07D0070E228 /* Products */;
					ProjectRef = C85DC9862923D07D0070E228 /* Calculat.xcodeproj */;
				},
				{
					ProductGroup = C85DCA182923D07E0070E228 /* Products */;
					ProjectRef = C85DCA172923D07E0070E228 /* Calculat.xcodeproj */;
				},
				{
					ProductGroup = C85DCA222923D07E0070E228 /* Products */;
					ProjectRef = C85DCA212923D07E0070E228 /* Calculat.xcodeproj */;
				},
				{
					ProductGroup = C85DC9B92923D07D0070E228 /* Products */;
					ProjectRef = C85DC9B82923D07D0070E228 /* Calculat.xcodeproj */;
				},
				{
					ProductGroup = C85DC9D22923D07D0070E228 /* Products */;
					ProjectRef = C85DC9D12923D07D0070E228 /* Calculat.xcodeproj */;
				},
				{
					ProductGroup = C85DC9E12923D07E0070E228 /* Products */;
					ProjectRef = C85DC9E02923D07E0070E228 /* Calculat.xcodeproj */;
				},
				{
					ProductGroup = C85DC9F02923D07E0070E228 /* Products */;
					ProjectRef = C85DC9EF2923D07E0070E228 /* Calculat.xcodeproj */;
				},
				{
					ProductGroup = C85DC9732923D07D0070E228 /* Products */;
					ProjectRef = C85DC9722923D07D0070E228 /* Calculat.xcodeproj */;
				},
				{
					ProductGroup = C85DC95F2923D07D0070E228 /* Products */;
					ProjectRef = C85DC95E2923D07D0070E228 /* Calculat.xcodeproj */;
				},
				{
					ProductGroup = C85DC9A02923D07D0070E228 /* Products */;
					ProjectRef = C85DC99F2923D07D0070E228 /* Calculat.xcodeproj */;
				},
				{
					ProductGroup = C85DC9AF2923D07D0070E228 /* Products */;
					ProjectRef = C85DC9AE2923D07D0070E228 /* Calculat.xcodeproj */;
				},
				{
					ProductGroup = C85DC98C2923D07D0070E228 /* Products */;
					ProjectRef = C85DC98B2923D07D0070E228 /* Calculat.xcodeproj */;
				},
				{
					ProductGroup = C85DCA272923D07E0070E228 /* Products */;
					ProjectRef = C85DCA262923D07E0070E228 /* Calculat.xcodeproj */;
				},
				{
					ProductGroup = C85DC95A2923D07D0070E228 /* Products */;
					ProjectRef = C85DC9592923D07D0070E228 /* Calculat.xcodeproj */;
				},
				{
					ProductGroup = C85DC9C82923D07D0070E228 /* Products */;
					ProjectRef = C85DC9C72923D07D0070E228 /* Calculat.xcodeproj */;
				},
				{
					ProductGroup = C85DC9822923D07D0070E228 /* Products */;
					ProjectRef = C85DC9812923D07D0070E228 /* Calculat.xcodeproj */;
				},
				{
					ProductGroup = C85DC97D2923D07D0070E228 /* Products */;
					ProjectRef = C85DC97C2923D07D0070E228 /* Calculat.xcodeproj */;
				},
				{
					ProductGroup = C85DCA3B2923D07E0070E228 /* Products */;
					ProjectRef = C85DCA3A2923D07E0070E228 /* Calculat.xcodeproj */;
				},
				{
					ProductGroup = C85DCA362923D07E0070E228 /* Products */;
					ProjectRef = C85DCA352923D07E0070E228 /* Calculat.xcodeproj */;
				},
				{
					ProductGroup = C85DC9D72923D07E0070E228 /* Products */;
					ProjectRef = C85DC9D62923D07E0070E228 /* Calculat.xcodeproj */;
				},
				{
					ProductGroup = C85DCA1D2923D07E0070E228 /* Products */;
					ProjectRef = C85DCA1C2923D07E0070E228 /* Calculat.xcodeproj */;
				},
				{
					ProductGroup = C85DC9EB2923D07E0070E228 /* Products */;
					ProjectRef = C85DC9EA2923D07E0070E228 /* Calculat.xcodeproj */;
				},
				{
					ProductGroup = C85DC9782923D07D0070E228 /* Products */;
					ProjectRef = C85DC9772923D07D0070E228 /* Calculat.xcodeproj */;
				},
				{
					ProductGroup = C85DC9B42923D07D0070E228 /* Products */;
					ProjectRef = C85DC9B32923D07D0070E228 /* Calculat.xcodeproj */;
				},
				{
					ProductGroup = C85DCA132923D07E0070E228 /* Products */;
					ProjectRef = C85DCA122923D07E0070E228 /* Calculat.xcodeproj */;
				},
				{
					ProductGroup = C85DC9AA2923D07D0070E228 /* Products */;
					ProjectRef = C85DC9A92923D07D0070E228 /* Calculat.xcodeproj */;
				},
			);
			projectRoot = "";
			targets = (
				C85DF104291A6BEC009B9F5F /* Calculat */,
			);
		};
/* End PBXProject section */

/* Begin PBXReferenceProxy section */
		C85DCA4A2923D07E0070E228 /* Calculat.app */ = {
			isa = PBXReferenceProxy;
			fileType = wrapper.application;
			path = Calculat.app;
			remoteRef = C85DCA492923D07E0070E228 /* PBXContainerItemProxy */;
			sourceTree = BUILT_PRODUCTS_DIR;
		};
		C85DCA4D2923D07E0070E228 /* Calculat.app */ = {
			isa = PBXReferenceProxy;
			fileType = wrapper.application;
			path = Calculat.app;
			remoteRef = C85DCA4C2923D07E0070E228 /* PBXContainerItemProxy */;
			sourceTree = BUILT_PRODUCTS_DIR;
		};
		C85DCA502923D07E0070E228 /* Calculat.app */ = {
			isa = PBXReferenceProxy;
			fileType = wrapper.application;
			path = Calculat.app;
			remoteRef = C85DCA4F2923D07E0070E228 /* PBXContainerItemProxy */;
			sourceTree = BUILT_PRODUCTS_DIR;
		};
		C85DCA532923D07E0070E228 /* Calculat.app */ = {
			isa = PBXReferenceProxy;
			fileType = wrapper.application;
			path = Calculat.app;
			remoteRef = C85DCA522923D07E0070E228 /* PBXContainerItemProxy */;
			sourceTree = BUILT_PRODUCTS_DIR;
		};
		C85DCA562923D07E0070E228 /* Calculat.app */ = {
			isa = PBXReferenceProxy;
			fileType = wrapper.application;
			path = Calculat.app;
			remoteRef = C85DCA552923D07E0070E228 /* PBXContainerItemProxy */;
			sourceTree = BUILT_PRODUCTS_DIR;
		};
		C85DCA592923D07E0070E228 /* Calculat.app */ = {
			isa = PBXReferenceProxy;
			fileType = wrapper.application;
			path = Calculat.app;
			remoteRef = C85DCA582923D07E0070E228 /* PBXContainerItemProxy */;
			sourceTree = BUILT_PRODUCTS_DIR;
		};
		C85DCA5C2923D07E0070E228 /* Calculat.app */ = {
			isa = PBXReferenceProxy;
			fileType = wrapper.application;
			path = Calculat.app;
			remoteRef = C85DCA5B2923D07E0070E228 /* PBXContainerItemProxy */;
			sourceTree = BUILT_PRODUCTS_DIR;
		};
		C85DCA5F2923D07E0070E228 /* Calculat.app */ = {
			isa = PBXReferenceProxy;
			fileType = wrapper.application;
			path = Calculat.app;
			remoteRef = C85DCA5E2923D07E0070E228 /* PBXContainerItemProxy */;
			sourceTree = BUILT_PRODUCTS_DIR;
		};
		C85DCA622923D07E0070E228 /* Calculat.app */ = {
			isa = PBXReferenceProxy;
			fileType = wrapper.application;
			path = Calculat.app;
			remoteRef = C85DCA612923D07E0070E228 /* PBXContainerItemProxy */;
			sourceTree = BUILT_PRODUCTS_DIR;
		};
		C85DCA652923D07E0070E228 /* Calculat.app */ = {
			isa = PBXReferenceProxy;
			fileType = wrapper.application;
			path = Calculat.app;
			remoteRef = C85DCA642923D07E0070E228 /* PBXContainerItemProxy */;
			sourceTree = BUILT_PRODUCTS_DIR;
		};
		C85DCA682923D07E0070E228 /* Calculat.app */ = {
			isa = PBXReferenceProxy;
			fileType = wrapper.application;
			path = Calculat.app;
			remoteRef = C85DCA672923D07E0070E228 /* PBXContainerItemProxy */;
			sourceTree = BUILT_PRODUCTS_DIR;
		};
		C85DCA6B2923D07E0070E228 /* Calculat.app */ = {
			isa = PBXReferenceProxy;
			fileType = wrapper.application;
			path = Calculat.app;
			remoteRef = C85DCA6A2923D07E0070E228 /* PBXContainerItemProxy */;
			sourceTree = BUILT_PRODUCTS_DIR;
		};
		C85DCA6E2923D07E0070E228 /* Calculat.app */ = {
			isa = PBXReferenceProxy;
			fileType = wrapper.application;
			path = Calculat.app;
			remoteRef = C85DCA6D2923D07E0070E228 /* PBXContainerItemProxy */;
			sourceTree = BUILT_PRODUCTS_DIR;
		};
		C85DCA712923D07E0070E228 /* Calculat.app */ = {
			isa = PBXReferenceProxy;
			fileType = wrapper.application;
			path = Calculat.app;
			remoteRef = C85DCA702923D07E0070E228 /* PBXContainerItemProxy */;
			sourceTree = BUILT_PRODUCTS_DIR;
		};
		C85DCA742923D07E0070E228 /* Calculat.app */ = {
			isa = PBXReferenceProxy;
			fileType = wrapper.application;
			path = Calculat.app;
			remoteRef = C85DCA732923D07E0070E228 /* PBXContainerItemProxy */;
			sourceTree = BUILT_PRODUCTS_DIR;
		};
		C85DCA772923D07E0070E228 /* Calculat.app */ = {
			isa = PBXReferenceProxy;
			fileType = wrapper.application;
			path = Calculat.app;
			remoteRef = C85DCA762923D07E0070E228 /* PBXContainerItemProxy */;
			sourceTree = BUILT_PRODUCTS_DIR;
		};
		C85DCA7A2923D07E0070E228 /* Calculat.app */ = {
			isa = PBXReferenceProxy;
			fileType = wrapper.application;
			path = Calculat.app;
			remoteRef = C85DCA792923D07E0070E228 /* PBXContainerItemProxy */;
			sourceTree = BUILT_PRODUCTS_DIR;
		};
		C85DCA7D2923D07E0070E228 /* Calculat.app */ = {
			isa = PBXReferenceProxy;
			fileType = wrapper.application;
			path = Calculat.app;
			remoteRef = C85DCA7C2923D07E0070E228 /* PBXContainerItemProxy */;
			sourceTree = BUILT_PRODUCTS_DIR;
		};
		C85DCA802923D07E0070E228 /* Calculat.app */ = {
			isa = PBXReferenceProxy;
			fileType = wrapper.application;
			path = Calculat.app;
			remoteRef = C85DCA7F2923D07E0070E228 /* PBXContainerItemProxy */;
			sourceTree = BUILT_PRODUCTS_DIR;
		};
		C85DCA832923D07E0070E228 /* Calculat.app */ = {
			isa = PBXReferenceProxy;
			fileType = wrapper.application;
			path = Calculat.app;
			remoteRef = C85DCA822923D07E0070E228 /* PBXContainerItemProxy */;
			sourceTree = BUILT_PRODUCTS_DIR;
		};
		C85DCA862923D07E0070E228 /* Calculat.app */ = {
			isa = PBXReferenceProxy;
			fileType = wrapper.application;
			path = Calculat.app;
			remoteRef = C85DCA852923D07E0070E228 /* PBXContainerItemProxy */;
			sourceTree = BUILT_PRODUCTS_DIR;
		};
		C85DCA892923D07E0070E228 /* Calculat.app */ = {
			isa = PBXReferenceProxy;
			fileType = wrapper.application;
			path = Calculat.app;
			remoteRef = C85DCA882923D07E0070E228 /* PBXContainerItemProxy */;
			sourceTree = BUILT_PRODUCTS_DIR;
		};
		C85DCA8C2923D07E0070E228 /* Calculat.app */ = {
			isa = PBXReferenceProxy;
			fileType = wrapper.application;
			path = Calculat.app;
			remoteRef = C85DCA8B2923D07E0070E228 /* PBXContainerItemProxy */;
			sourceTree = BUILT_PRODUCTS_DIR;
		};
		C85DCA8F2923D07E0070E228 /* Calculat.app */ = {
			isa = PBXReferenceProxy;
			fileType = wrapper.application;
			path = Calculat.app;
			remoteRef = C85DCA8E2923D07E0070E228 /* PBXContainerItemProxy */;
			sourceTree = BUILT_PRODUCTS_DIR;
		};
		C85DCA922923D07E0070E228 /* Calculat.app */ = {
			isa = PBXReferenceProxy;
			fileType = wrapper.application;
			path = Calculat.app;
			remoteRef = C85DCA912923D07E0070E228 /* PBXContainerItemProxy */;
			sourceTree = BUILT_PRODUCTS_DIR;
		};
		C85DCA952923D07E0070E228 /* Calculat.app */ = {
			isa = PBXReferenceProxy;
			fileType = wrapper.application;
			path = Calculat.app;
			remoteRef = C85DCA942923D07E0070E228 /* PBXContainerItemProxy */;
			sourceTree = BUILT_PRODUCTS_DIR;
		};
		C85DCA982923D07E0070E228 /* Calculat.app */ = {
			isa = PBXReferenceProxy;
			fileType = wrapper.application;
			path = Calculat.app;
			remoteRef = C85DCA972923D07E0070E228 /* PBXContainerItemProxy */;
			sourceTree = BUILT_PRODUCTS_DIR;
		};
		C85DCA9B2923D07E0070E228 /* Calculat.app */ = {
			isa = PBXReferenceProxy;
			fileType = wrapper.application;
			path = Calculat.app;
			remoteRef = C85DCA9A2923D07E0070E228 /* PBXContainerItemProxy */;
			sourceTree = BUILT_PRODUCTS_DIR;
		};
		C85DCA9E2923D07E0070E228 /* Calculat.app */ = {
			isa = PBXReferenceProxy;
			fileType = wrapper.application;
			path = Calculat.app;
			remoteRef = C85DCA9D2923D07E0070E228 /* PBXContainerItemProxy */;
			sourceTree = BUILT_PRODUCTS_DIR;
		};
		C85DCAA12923D07F0070E228 /* Calculat.app */ = {
			isa = PBXReferenceProxy;
			fileType = wrapper.application;
			path = Calculat.app;
			remoteRef = C85DCAA02923D07F0070E228 /* PBXContainerItemProxy */;
			sourceTree = BUILT_PRODUCTS_DIR;
		};
		C85DCAA42923D07F0070E228 /* Calculat.app */ = {
			isa = PBXReferenceProxy;
			fileType = wrapper.application;
			path = Calculat.app;
			remoteRef = C85DCAA32923D07F0070E228 /* PBXContainerItemProxy */;
			sourceTree = BUILT_PRODUCTS_DIR;
		};
		C85DCAA72923D07F0070E228 /* Calculat.app */ = {
			isa = PBXReferenceProxy;
			fileType = wrapper.application;
			path = Calculat.app;
			remoteRef = C85DCAA62923D07F0070E228 /* PBXContainerItemProxy */;
			sourceTree = BUILT_PRODUCTS_DIR;
		};
		C85DCAAA2923D07F0070E228 /* Calculat.app */ = {
			isa = PBXReferenceProxy;
			fileType = wrapper.application;
			path = Calculat.app;
			remoteRef = C85DCAA92923D07F0070E228 /* PBXContainerItemProxy */;
			sourceTree = BUILT_PRODUCTS_DIR;
		};
		C85DCAAD2923D07F0070E228 /* Calculat.app */ = {
			isa = PBXReferenceProxy;
			fileType = wrapper.application;
			path = Calculat.app;
			remoteRef = C85DCAAC2923D07F0070E228 /* PBXContainerItemProxy */;
			sourceTree = BUILT_PRODUCTS_DIR;
		};
		C85DCAB02923D07F0070E228 /* Calculat.app */ = {
			isa = PBXReferenceProxy;
			fileType = wrapper.application;
			path = Calculat.app;
			remoteRef = C85DCAAF2923D07F0070E228 /* PBXContainerItemProxy */;
			sourceTree = BUILT_PRODUCTS_DIR;
		};
		C85DCAB32923D07F0070E228 /* Calculat.app */ = {
			isa = PBXReferenceProxy;
			fileType = wrapper.application;
			path = Calculat.app;
			remoteRef = C85DCAB22923D07F0070E228 /* PBXContainerItemProxy */;
			sourceTree = BUILT_PRODUCTS_DIR;
		};
		C85DCAB62923D07F0070E228 /* Calculat.app */ = {
			isa = PBXReferenceProxy;
			fileType = wrapper.application;
			path = Calculat.app;
			remoteRef = C85DCAB52923D07F0070E228 /* PBXContainerItemProxy */;
			sourceTree = BUILT_PRODUCTS_DIR;
		};
		C85DCAB92923D07F0070E228 /* Calculat.app */ = {
			isa = PBXReferenceProxy;
			fileType = wrapper.application;
			path = Calculat.app;
			remoteRef = C85DCAB82923D07F0070E228 /* PBXContainerItemProxy */;
			sourceTree = BUILT_PRODUCTS_DIR;
		};
		C85DCABC2923D07F0070E228 /* Calculat.app */ = {
			isa = PBXReferenceProxy;
			fileType = wrapper.application;
			path = Calculat.app;
			remoteRef = C85DCABB2923D07F0070E228 /* PBXContainerItemProxy */;
			sourceTree = BUILT_PRODUCTS_DIR;
		};
		C85DCABF2923D07F0070E228 /* Calculat.app */ = {
			isa = PBXReferenceProxy;
			fileType = wrapper.application;
			path = Calculat.app;
			remoteRef = C85DCABE2923D07F0070E228 /* PBXContainerItemProxy */;
			sourceTree = BUILT_PRODUCTS_DIR;
		};
		C85DCAC22923D07F0070E228 /* Calculat.app */ = {
			isa = PBXReferenceProxy;
			fileType = wrapper.application;
			path = Calculat.app;
			remoteRef = C85DCAC12923D07F0070E228 /* PBXContainerItemProxy */;
			sourceTree = BUILT_PRODUCTS_DIR;
		};
		C85DCAC52923D07F0070E228 /* Calculat.app */ = {
			isa = PBXReferenceProxy;
			fileType = wrapper.application;
			path = Calculat.app;
			remoteRef = C85DCAC42923D07F0070E228 /* PBXContainerItemProxy */;
			sourceTree = BUILT_PRODUCTS_DIR;
		};
		C85DCAC82923D07F0070E228 /* Calculat.app */ = {
			isa = PBXReferenceProxy;
			fileType = wrapper.application;
			path = Calculat.app;
			remoteRef = C85DCAC72923D07F0070E228 /* PBXContainerItemProxy */;
			sourceTree = BUILT_PRODUCTS_DIR;
		};
		C85DCACB2923D07F0070E228 /* Calculat.app */ = {
			isa = PBXReferenceProxy;
			fileType = wrapper.application;
			path = Calculat.app;
			remoteRef = C85DCACA2923D07F0070E228 /* PBXContainerItemProxy */;
			sourceTree = BUILT_PRODUCTS_DIR;
		};
		C85DCACE2923D07F0070E228 /* Calculat.app */ = {
			isa = PBXReferenceProxy;
			fileType = wrapper.application;
			path = Calculat.app;
			remoteRef = C85DCACD2923D07F0070E228 /* PBXContainerItemProxy */;
			sourceTree = BUILT_PRODUCTS_DIR;
		};
		C85DCAD12923D07F0070E228 /* Calculat.app */ = {
			isa = PBXReferenceProxy;
			fileType = wrapper.application;
			path = Calculat.app;
			remoteRef = C85DCAD02923D07F0070E228 /* PBXContainerItemProxy */;
			sourceTree = BUILT_PRODUCTS_DIR;
		};
		C85DCAD42923D07F0070E228 /* Calculat.app */ = {
			isa = PBXReferenceProxy;
			fileType = wrapper.application;
			path = Calculat.app;
			remoteRef = C85DCAD32923D07F0070E228 /* PBXContainerItemProxy */;
			sourceTree = BUILT_PRODUCTS_DIR;
		};
/* End PBXReferenceProxy section */

/* Begin PBXResourcesBuildPhase section */
		C85DF103291A6BEC009B9F5F /* Resources */ = {
			isa = PBXResourcesBuildPhase;
			buildActionMask = 2147483647;
			files = (
				C85DF110291A6BEE009B9F5F /* Preview Assets.xcassets in Resources */,
				C85DCAD72923D07F0070E228 /* fantastic-seascape-with-ripples_1232-424.jpg.webp in Resources */,
				C85DCAD62923D07F0070E228 /* Preview Assets.xcassets in Resources */,
				C85DCAD52923D07F0070E228 /* Assets.xcassets in Resources */,
				C85DF10D291A6BED009B9F5F /* Assets.xcassets in Resources */,
			);
			runOnlyForDeploymentPostprocessing = 0;
		};
/* End PBXResourcesBuildPhase section */

/* Begin PBXSourcesBuildPhase section */
		C85DF101291A6BEC009B9F5F /* Sources */ = {
			isa = PBXSourcesBuildPhase;
			buildActionMask = 2147483647;
			files = (
				C85DF10B291A6BEC009B9F5F /* ContentView.swift in Sources */,
				C85DF109291A6BEC009B9F5F /* CalculatApp.swift in Sources */,
				C85DCAD92923D07F0070E228 /* CalculatApp.swift in Sources */,
				C85DCAD82923D07F0070E228 /* ContentView.swift in Sources */,
			);
			runOnlyForDeploymentPostprocessing = 0;
		};
/* End PBXSourcesBuildPhase section */

/* Begin XCBuildConfiguration section */
		C85DF111291A6BEE009B9F5F /* Debug */ = {
			isa = XCBuildConfiguration;
			buildSettings = {
				ALWAYS_SEARCH_USER_PATHS = NO;
				CLANG_ANALYZER_NONNULL = YES;
				CLANG_ANALYZER_NUMBER_OBJECT_CONVERSION = YES_AGGRESSIVE;
				CLANG_CXX_LANGUAGE_STANDARD = "gnu++17";
				CLANG_ENABLE_MODULES = YES;
				CLANG_ENABLE_OBJC_ARC = YES;
				CLANG_ENABLE_OBJC_WEAK = YES;
				CLANG_WARN_BLOCK_CAPTURE_AUTORELEASING = YES;
				CLANG_WARN_BOOL_CONVERSION = YES;
				CLANG_WARN_COMMA = YES;
				CLANG_WARN_CONSTANT_CONVERSION = YES;
				CLANG_WARN_DEPRECATED_OBJC_IMPLEMENTATIONS = YES;
				CLANG_WARN_DIRECT_OBJC_ISA_USAGE = YES_ERROR;
				CLANG_WARN_DOCUMENTATION_COMMENTS = YES;
				CLANG_WARN_EMPTY_BODY = YES;
				CLANG_WARN_ENUM_CONVERSION = YES;
				CLANG_WARN_INFINITE_RECURSION = YES;
				CLANG_WARN_INT_CONVERSION = YES;
				CLANG_WARN_NON_LITERAL_NULL_CONVERSION = YES;
				CLANG_WARN_OBJC_IMPLICIT_RETAIN_SELF = YES;
				CLANG_WARN_OBJC_LITERAL_CONVERSION = YES;
				CLANG_WARN_OBJC_ROOT_CLASS = YES_ERROR;
				CLANG_WARN_QUOTED_INCLUDE_IN_FRAMEWORK_HEADER = YES;
				CLANG_WARN_RANGE_LOOP_ANALYSIS = YES;
				CLANG_WARN_STRICT_PROTOTYPES = YES;
				CLANG_WARN_SUSPICIOUS_MOVE = YES;
				CLANG_WARN_UNGUARDED_AVAILABILITY = YES_AGGRESSIVE;
				CLANG_WARN_UNREACHABLE_CODE = YES;
				CLANG_WARN__DUPLICATE_METHOD_MATCH = YES;
				COPY_PHASE_STRIP = NO;
				DEBUG_INFORMATION_FORMAT = dwarf;
				ENABLE_STRICT_OBJC_MSGSEND = YES;
				ENABLE_TESTABILITY = YES;
				GCC_C_LANGUAGE_STANDARD = gnu11;
				GCC_DYNAMIC_NO_PIC = NO;
				GCC_NO_COMMON_BLOCKS = YES;
				GCC_OPTIMIZATION_LEVEL = 0;
				GCC_PREPROCESSOR_DEFINITIONS = (
					"DEBUG=1",
					"$(inherited)",
				);
				GCC_WARN_64_TO_32_BIT_CONVERSION = YES;
				GCC_WARN_ABOUT_RETURN_TYPE = YES_ERROR;
				GCC_WARN_UNDECLARED_SELECTOR = YES;
				GCC_WARN_UNINITIALIZED_AUTOS = YES_AGGRESSIVE;
				GCC_WARN_UNUSED_FUNCTION = YES;
				GCC_WARN_UNUSED_VARIABLE = YES;
				IPHONEOS_DEPLOYMENT_TARGET = 15.4;
				MTL_ENABLE_DEBUG_INFO = INCLUDE_SOURCE;
				MTL_FAST_MATH = YES;
				ONLY_ACTIVE_ARCH = YES;
				SDKROOT = iphoneos;
				SWIFT_ACTIVE_COMPILATION_CONDITIONS = DEBUG;
				SWIFT_OPTIMIZATION_LEVEL = "-Onone";
			};
			name = Debug;
		};
		C85DF112291A6BEE009B9F5F /* Release */ = {
			isa = XCBuildConfiguration;
			buildSettings = {
				ALWAYS_SEARCH_USER_PATHS = NO;
				CLANG_ANALYZER_NONNULL = YES;
				CLANG_ANALYZER_NUMBER_OBJECT_CONVERSION = YES_AGGRESSIVE;
				CLANG_CXX_LANGUAGE_STANDARD = "gnu++17";
				CLANG_ENABLE_MODULES = YES;
				CLANG_ENABLE_OBJC_ARC = YES;
				CLANG_ENABLE_OBJC_WEAK = YES;
				CLANG_WARN_BLOCK_CAPTURE_AUTORELEASING = YES;
				CLANG_WARN_BOOL_CONVERSION = YES;
				CLANG_WARN_COMMA = YES;
				CLANG_WARN_CONSTANT_CONVERSION = YES;
				CLANG_WARN_DEPRECATED_OBJC_IMPLEMENTATIONS = YES;
				CLANG_WARN_DIRECT_OBJC_ISA_USAGE = YES_ERROR;
				CLANG_WARN_DOCUMENTATION_COMMENTS = YES;
				CLANG_WARN_EMPTY_BODY = YES;
				CLANG_WARN_ENUM_CONVERSION = YES;
				CLANG_WARN_INFINITE_RECURSION = YES;
				CLANG_WARN_INT_CONVERSION = YES;
				CLANG_WARN_NON_LITERAL_NULL_CONVERSION = YES;
				CLANG_WARN_OBJC_IMPLICIT_RETAIN_SELF = YES;
				CLANG_WARN_OBJC_LITERAL_CONVERSION = YES;
				CLANG_WARN_OBJC_ROOT_CLASS = YES_ERROR;
				CLANG_WARN_QUOTED_INCLUDE_IN_FRAMEWORK_HEADER = YES;
				CLANG_WARN_RANGE_LOOP_ANALYSIS = YES;
				CLANG_WARN_STRICT_PROTOTYPES = YES;
				CLANG_WARN_SUSPICIOUS_MOVE = YES;
				CLANG_WARN_UNGUARDED_AVAILABILITY = YES_AGGRESSIVE;
				CLANG_WARN_UNREACHABLE_CODE = YES;
				CLANG_WARN__DUPLICATE_METHOD_MATCH = YES;
				COPY_PHASE_STRIP = NO;
				DEBUG_INFORMATION_FORMAT = "dwarf-with-dsym";
				ENABLE_NS_ASSERTIONS = NO;
				ENABLE_STRICT_OBJC_MSGSEND = YES;
				GCC_C_LANGUAGE_STANDARD = gnu11;
				GCC_NO_COMMON_BLOCKS = YES;
				GCC_WARN_64_TO_32_BIT_CONVERSION = YES;
				GCC_WARN_ABOUT_RETURN_TYPE = YES_ERROR;
				GCC_WARN_UNDECLARED_SELECTOR = YES;
				GCC_WARN_UNINITIALIZED_AUTOS = YES_AGGRESSIVE;
				GCC_WARN_UNUSED_FUNCTION = YES;
				GCC_WARN_UNUSED_VARIABLE = YES;
				IPHONEOS_DEPLOYMENT_TARGET = 15.4;
				MTL_ENABLE_DEBUG_INFO = NO;
				MTL_FAST_MATH = YES;
				SDKROOT = iphoneos;
				SWIFT_COMPILATION_MODE = wholemodule;
				SWIFT_OPTIMIZATION_LEVEL = "-O";
				VALIDATE_PRODUCT = YES;
			};
			name = Release;
		};
		C85DF114291A6BEE009B9F5F /* Debug */ = {
			isa = XCBuildConfiguration;
			buildSettings = {
				ASSETCATALOG_COMPILER_APPICON_NAME = AppIcon;
				ASSETCATALOG_COMPILER_GLOBAL_ACCENT_COLOR_NAME = AccentColor;
				CODE_SIGN_STYLE = Automatic;
				CURRENT_PROJECT_VERSION = 1;
				DEVELOPMENT_ASSET_PATHS = "\"Calculat/Preview Content\"";
				DEVELOPMENT_TEAM = 4YZ8SBUFQZ;
				ENABLE_PREVIEWS = YES;
				GENERATE_INFOPLIST_FILE = YES;
				INFOPLIST_KEY_UIApplicationSceneManifest_Generation = YES;
				INFOPLIST_KEY_UIApplicationSupportsIndirectInputEvents = YES;
				INFOPLIST_KEY_UILaunchScreen_Generation = YES;
				INFOPLIST_KEY_UISupportedInterfaceOrientations_iPad = "UIInterfaceOrientationPortrait UIInterfaceOrientationPortraitUpsideDown UIInterfaceOrientationLandscapeLeft UIInterfaceOrientationLandscapeRight";
				INFOPLIST_KEY_UISupportedInterfaceOrientations_iPhone = "UIInterfaceOrientationPortrait UIInterfaceOrientationLandscapeLeft UIInterfaceOrientationLandscapeRight";
				LD_RUNPATH_SEARCH_PATHS = (
					"$(inherited)",
					"@executable_path/Frameworks",
				);
				MARKETING_VERSION = 1.0;
				PRODUCT_BUNDLE_IDENTIFIER = dev.black.queen.test.Calculat;
				PRODUCT_NAME = "$(TARGET_NAME)";
				SWIFT_EMIT_LOC_STRINGS = YES;
				SWIFT_VERSION = 5.0;
				TARGETED_DEVICE_FAMILY = "1,2";
			};
			name = Debug;
		};
		C85DF115291A6BEE009B9F5F /* Release */ = {
			isa = XCBuildConfiguration;
			buildSettings = {
				ASSETCATALOG_COMPILER_APPICON_NAME = AppIcon;
				ASSETCATALOG_COMPILER_GLOBAL_ACCENT_COLOR_NAME = AccentColor;
				CODE_SIGN_STYLE = Automatic;
				CURRENT_PROJECT_VERSION = 1;
				DEVELOPMENT_ASSET_PATHS = "\"Calculat/Preview Content\"";
				DEVELOPMENT_TEAM = 4YZ8SBUFQZ;
				ENABLE_PREVIEWS = YES;
				GENERATE_INFOPLIST_FILE = YES;
				INFOPLIST_KEY_UIApplicationSceneManifest_Generation = YES;
				INFOPLIST_KEY_UIApplicationSupportsIndirectInputEvents = YES;
				INFOPLIST_KEY_UILaunchScreen_Generation = YES;
				INFOPLIST_KEY_UISupportedInterfaceOrientations_iPad = "UIInterfaceOrientationPortrait UIInterfaceOrientationPortraitUpsideDown UIInterfaceOrientationLandscapeLeft UIInterfaceOrientationLandscapeRight";
				INFOPLIST_KEY_UISupportedInterfaceOrientations_iPhone = "UIInterfaceOrientationPortrait UIInterfaceOrientationLandscapeLeft UIInterfaceOrientationLandscapeRight";
				LD_RUNPATH_SEARCH_PATHS = (
					"$(inherited)",
					"@executable_path/Frameworks",
				);
				MARKETING_VERSION = 1.0;
				PRODUCT_BUNDLE_IDENTIFIER = dev.black.queen.test.Calculat;
				PRODUCT_NAME = "$(TARGET_NAME)";
				SWIFT_EMIT_LOC_STRINGS = YES;
				SWIFT_VERSION = 5.0;
				TARGETED_DEVICE_FAMILY = "1,2";
			};
			name = Release;
		};
/* End XCBuildConfiguration section */

/* Begin XCConfigurationList section */
		C85DF100291A6BEC009B9F5F /* Build configuration list for PBXProject "Calculat" */ = {
			isa = XCConfigurationList;
			buildConfigurations = (
				C85DF111291A6BEE009B9F5F /* Debug */,
				C85DF112291A6BEE009B9F5F /* Release */,
			);
			defaultConfigurationIsVisible = 0;
			defaultConfigurationName = Release;
		};
		C85DF113291A6BEE009B9F5F /* Build configuration list for PBXNativeTarget "Calculat" */ = {
			isa = XCConfigurationList;
			buildConfigurations = (
				C85DF114291A6BEE009B9F5F /* Debug */,
				C85DF115291A6BEE009B9F5F /* Release */,
			);
			defaultConfigurationIsVisible = 0;
			defaultConfigurationName = Release;
		};
/* End XCConfigurationList section */
	};
	rootObject = C85DF0FD291A6BEC009B9F5F /* Project object */;
}
